// !$*UTF8*$!
{
	archiveVersion = 1;
	classes = {
	};
	objectVersion = 50;
	objects = {

/* Begin PBXBuildFile section */
		372591EE21581B17001DA6DE /* EmbeddedViewController.m in Sources */ = {isa = PBXBuildFile; fileRef = 372591ED21581B17001DA6DE /* EmbeddedViewController.m */; };
		3790D51A2169529A00FB05D9 /* UserNameManager.m in Sources */ = {isa = PBXBuildFile; fileRef = 3790D5192169529A00FB05D9 /* UserNameManager.m */; };
		37C2BBBD2158166D00FCB24A /* AppDelegate.m in Sources */ = {isa = PBXBuildFile; fileRef = 37C2BBBC2158166D00FCB24A /* AppDelegate.m */; };
		37C2BBC02158166D00FCB24A /* ViewController.m in Sources */ = {isa = PBXBuildFile; fileRef = 37C2BBBF2158166D00FCB24A /* ViewController.m */; };
		37C2BBC32158166D00FCB24A /* Main.storyboard in Resources */ = {isa = PBXBuildFile; fileRef = 37C2BBC12158166D00FCB24A /* Main.storyboard */; };
		37C2BBC52158166E00FCB24A /* Assets.xcassets in Resources */ = {isa = PBXBuildFile; fileRef = 37C2BBC42158166E00FCB24A /* Assets.xcassets */; };
		37C2BBC82158166E00FCB24A /* LaunchScreen.storyboard in Resources */ = {isa = PBXBuildFile; fileRef = 37C2BBC62158166E00FCB24A /* LaunchScreen.storyboard */; };
		37C2BBCB2158166E00FCB24A /* main.m in Sources */ = {isa = PBXBuildFile; fileRef = 37C2BBCA2158166E00FCB24A /* main.m */; };
		37C2BBD52158166E00FCB24A /* EmbeddedAppTests.m in Sources */ = {isa = PBXBuildFile; fileRef = 37C2BBD42158166E00FCB24A /* EmbeddedAppTests.m */; };
		37C2BBE02158166E00FCB24A /* EmbeddedAppUITests.m in Sources */ = {isa = PBXBuildFile; fileRef = 37C2BBDF2158166E00FCB24A /* EmbeddedAppUITests.m */; };
		9DB082C2EFAF7A67374C297E /* libPods-EmbeddedAppUITests.a in Frameworks */ = {isa = PBXBuildFile; fileRef = 5C1D94D9A1799A2000128C3C /* libPods-EmbeddedAppUITests.a */; };
		A93A2C4ABBC7B5404E2EC8A2 /* libPods-EmbeddedApp.a in Frameworks */ = {isa = PBXBuildFile; fileRef = 8FA83CD1C5D3522CC98A0BE6 /* libPods-EmbeddedApp.a */; };
		BD0347A8A2C092B357AB515E /* libPods-EmbeddedAppTests.a in Frameworks */ = {isa = PBXBuildFile; fileRef = 1BD0DFD602CEA78108C1B0E3 /* libPods-EmbeddedAppTests.a */; };
/* End PBXBuildFile section */

/* Begin PBXContainerItemProxy section */
		37C2BBD12158166E00FCB24A /* PBXContainerItemProxy */ = {
			isa = PBXContainerItemProxy;
			containerPortal = 37C2BBB02158166D00FCB24A /* Project object */;
			proxyType = 1;
			remoteGlobalIDString = 37C2BBB72158166D00FCB24A;
			remoteInfo = EmbeddedApp;
		};
		37C2BBDC2158166E00FCB24A /* PBXContainerItemProxy */ = {
			isa = PBXContainerItemProxy;
			containerPortal = 37C2BBB02158166D00FCB24A /* Project object */;
			proxyType = 1;
			remoteGlobalIDString = 37C2BBB72158166D00FCB24A;
			remoteInfo = EmbeddedApp;
		};
/* End PBXContainerItemProxy section */

/* Begin PBXFileReference section */
		1BD0DFD602CEA78108C1B0E3 /* libPods-EmbeddedAppTests.a */ = {isa = PBXFileReference; explicitFileType = archive.ar; includeInIndex = 0; path = "libPods-EmbeddedAppTests.a"; sourceTree = BUILT_PRODUCTS_DIR; };
		372591EC21581B17001DA6DE /* EmbeddedViewController.h */ = {isa = PBXFileReference; lastKnownFileType = sourcecode.c.h; path = EmbeddedViewController.h; sourceTree = "<group>"; };
		372591ED21581B17001DA6DE /* EmbeddedViewController.m */ = {isa = PBXFileReference; lastKnownFileType = sourcecode.c.objc; path = EmbeddedViewController.m; sourceTree = "<group>"; };
		3790D5182169529A00FB05D9 /* UserNameManager.h */ = {isa = PBXFileReference; lastKnownFileType = sourcecode.c.h; path = UserNameManager.h; sourceTree = "<group>"; };
		3790D5192169529A00FB05D9 /* UserNameManager.m */ = {isa = PBXFileReference; lastKnownFileType = sourcecode.c.objc; path = UserNameManager.m; sourceTree = "<group>"; };
		37C2BBB82158166D00FCB24A /* EmbeddedApp.app */ = {isa = PBXFileReference; explicitFileType = wrapper.application; includeInIndex = 0; path = EmbeddedApp.app; sourceTree = BUILT_PRODUCTS_DIR; };
		37C2BBBB2158166D00FCB24A /* AppDelegate.h */ = {isa = PBXFileReference; lastKnownFileType = sourcecode.c.h; path = AppDelegate.h; sourceTree = "<group>"; };
		37C2BBBC2158166D00FCB24A /* AppDelegate.m */ = {isa = PBXFileReference; lastKnownFileType = sourcecode.c.objc; path = AppDelegate.m; sourceTree = "<group>"; };
		37C2BBBE2158166D00FCB24A /* ViewController.h */ = {isa = PBXFileReference; lastKnownFileType = sourcecode.c.h; path = ViewController.h; sourceTree = "<group>"; };
		37C2BBBF2158166D00FCB24A /* ViewController.m */ = {isa = PBXFileReference; lastKnownFileType = sourcecode.c.objc; path = ViewController.m; sourceTree = "<group>"; };
		37C2BBC22158166D00FCB24A /* Base */ = {isa = PBXFileReference; lastKnownFileType = file.storyboard; name = Base; path = Base.lproj/Main.storyboard; sourceTree = "<group>"; };
		37C2BBC42158166E00FCB24A /* Assets.xcassets */ = {isa = PBXFileReference; lastKnownFileType = folder.assetcatalog; path = Assets.xcassets; sourceTree = "<group>"; };
		37C2BBC72158166E00FCB24A /* Base */ = {isa = PBXFileReference; lastKnownFileType = file.storyboard; name = Base; path = Base.lproj/LaunchScreen.storyboard; sourceTree = "<group>"; };
		37C2BBC92158166E00FCB24A /* Info.plist */ = {isa = PBXFileReference; lastKnownFileType = text.plist.xml; path = Info.plist; sourceTree = "<group>"; };
		37C2BBCA2158166E00FCB24A /* main.m */ = {isa = PBXFileReference; lastKnownFileType = sourcecode.c.objc; path = main.m; sourceTree = "<group>"; };
		37C2BBD02158166E00FCB24A /* EmbeddedAppTests.xctest */ = {isa = PBXFileReference; explicitFileType = wrapper.cfbundle; includeInIndex = 0; path = EmbeddedAppTests.xctest; sourceTree = BUILT_PRODUCTS_DIR; };
		37C2BBD42158166E00FCB24A /* EmbeddedAppTests.m */ = {isa = PBXFileReference; lastKnownFileType = sourcecode.c.objc; path = EmbeddedAppTests.m; sourceTree = "<group>"; };
		37C2BBD62158166E00FCB24A /* Info.plist */ = {isa = PBXFileReference; lastKnownFileType = text.plist.xml; path = Info.plist; sourceTree = "<group>"; };
		37C2BBDB2158166E00FCB24A /* EmbeddedAppUITests.xctest */ = {isa = PBXFileReference; explicitFileType = wrapper.cfbundle; includeInIndex = 0; path = EmbeddedAppUITests.xctest; sourceTree = BUILT_PRODUCTS_DIR; };
		37C2BBDF2158166E00FCB24A /* EmbeddedAppUITests.m */ = {isa = PBXFileReference; lastKnownFileType = sourcecode.c.objc; path = EmbeddedAppUITests.m; sourceTree = "<group>"; };
		37C2BBE12158166E00FCB24A /* Info.plist */ = {isa = PBXFileReference; lastKnownFileType = text.plist.xml; path = Info.plist; sourceTree = "<group>"; };
		58113E2B3196629C734E8826 /* Pods-EmbeddedAppTests.debug.xcconfig */ = {isa = PBXFileReference; includeInIndex = 1; lastKnownFileType = text.xcconfig; name = "Pods-EmbeddedAppTests.debug.xcconfig"; path = "Pods/Target Support Files/Pods-EmbeddedAppTests/Pods-EmbeddedAppTests.debug.xcconfig"; sourceTree = "<group>"; };
		5C1D94D9A1799A2000128C3C /* libPods-EmbeddedAppUITests.a */ = {isa = PBXFileReference; explicitFileType = archive.ar; includeInIndex = 0; path = "libPods-EmbeddedAppUITests.a"; sourceTree = BUILT_PRODUCTS_DIR; };
		8001966D14F264D27FB0A1B3 /* Pods-EmbeddedAppUITests.release.xcconfig */ = {isa = PBXFileReference; includeInIndex = 1; lastKnownFileType = text.xcconfig; name = "Pods-EmbeddedAppUITests.release.xcconfig"; path = "Pods/Target Support Files/Pods-EmbeddedAppUITests/Pods-EmbeddedAppUITests.release.xcconfig"; sourceTree = "<group>"; };
		8B6C2DF5137B2244618D9FBD /* Pods-EmbeddedApp.release.xcconfig */ = {isa = PBXFileReference; includeInIndex = 1; lastKnownFileType = text.xcconfig; name = "Pods-EmbeddedApp.release.xcconfig"; path = "Pods/Target Support Files/Pods-EmbeddedApp/Pods-EmbeddedApp.release.xcconfig"; sourceTree = "<group>"; };
		8FA83CD1C5D3522CC98A0BE6 /* libPods-EmbeddedApp.a */ = {isa = PBXFileReference; explicitFileType = archive.ar; includeInIndex = 0; path = "libPods-EmbeddedApp.a"; sourceTree = BUILT_PRODUCTS_DIR; };
		A62A66762C5B40B7EAEDDFFF /* Pods-EmbeddedAppUITests.debug.xcconfig */ = {isa = PBXFileReference; includeInIndex = 1; lastKnownFileType = text.xcconfig; name = "Pods-EmbeddedAppUITests.debug.xcconfig"; path = "Pods/Target Support Files/Pods-EmbeddedAppUITests/Pods-EmbeddedAppUITests.debug.xcconfig"; sourceTree = "<group>"; };
		EE72FAE4874439B5FA3CA9CD /* Pods-EmbeddedAppTests.release.xcconfig */ = {isa = PBXFileReference; includeInIndex = 1; lastKnownFileType = text.xcconfig; name = "Pods-EmbeddedAppTests.release.xcconfig"; path = "Pods/Target Support Files/Pods-EmbeddedAppTests/Pods-EmbeddedAppTests.release.xcconfig"; sourceTree = "<group>"; };
		FF495F986649A48E0FD05849 /* Pods-EmbeddedApp.debug.xcconfig */ = {isa = PBXFileReference; includeInIndex = 1; lastKnownFileType = text.xcconfig; name = "Pods-EmbeddedApp.debug.xcconfig"; path = "Pods/Target Support Files/Pods-EmbeddedApp/Pods-EmbeddedApp.debug.xcconfig"; sourceTree = "<group>"; };
/* End PBXFileReference section */

/* Begin PBXFrameworksBuildPhase section */
		37C2BBB52158166D00FCB24A /* Frameworks */ = {
			isa = PBXFrameworksBuildPhase;
			buildActionMask = 2147483647;
			files = (
				A93A2C4ABBC7B5404E2EC8A2 /* libPods-EmbeddedApp.a in Frameworks */,
			);
			runOnlyForDeploymentPostprocessing = 0;
		};
		37C2BBCD2158166E00FCB24A /* Frameworks */ = {
			isa = PBXFrameworksBuildPhase;
			buildActionMask = 2147483647;
			files = (
				BD0347A8A2C092B357AB515E /* libPods-EmbeddedAppTests.a in Frameworks */,
			);
			runOnlyForDeploymentPostprocessing = 0;
		};
		37C2BBD82158166E00FCB24A /* Frameworks */ = {
			isa = PBXFrameworksBuildPhase;
			buildActionMask = 2147483647;
			files = (
				9DB082C2EFAF7A67374C297E /* libPods-EmbeddedAppUITests.a in Frameworks */,
			);
			runOnlyForDeploymentPostprocessing = 0;
		};
/* End PBXFrameworksBuildPhase section */

/* Begin PBXGroup section */
		37C2BBAF2158166D00FCB24A = {
			isa = PBXGroup;
			children = (
				37C2BBBA2158166D00FCB24A /* EmbeddedApp */,
				37C2BBD32158166E00FCB24A /* EmbeddedAppTests */,
				37C2BBDE2158166E00FCB24A /* EmbeddedAppUITests */,
				37C2BBB92158166D00FCB24A /* Products */,
				8DD9349A03B8F1815DB555F0 /* Pods */,
				435A19DB4756739E96021E83 /* Frameworks */,
			);
			sourceTree = "<group>";
		};
		37C2BBB92158166D00FCB24A /* Products */ = {
			isa = PBXGroup;
			children = (
				37C2BBB82158166D00FCB24A /* EmbeddedApp.app */,
				37C2BBD02158166E00FCB24A /* EmbeddedAppTests.xctest */,
				37C2BBDB2158166E00FCB24A /* EmbeddedAppUITests.xctest */,
			);
			name = Products;
			sourceTree = "<group>";
		};
		37C2BBBA2158166D00FCB24A /* EmbeddedApp */ = {
			isa = PBXGroup;
			children = (
				37C2BBBB2158166D00FCB24A /* AppDelegate.h */,
				37C2BBBC2158166D00FCB24A /* AppDelegate.m */,
				37C2BBBE2158166D00FCB24A /* ViewController.h */,
				37C2BBBF2158166D00FCB24A /* ViewController.m */,
				3790D5182169529A00FB05D9 /* UserNameManager.h */,
				3790D5192169529A00FB05D9 /* UserNameManager.m */,
				372591EC21581B17001DA6DE /* EmbeddedViewController.h */,
				372591ED21581B17001DA6DE /* EmbeddedViewController.m */,
				37C2BBC12158166D00FCB24A /* Main.storyboard */,
				37C2BBC42158166E00FCB24A /* Assets.xcassets */,
				37C2BBC62158166E00FCB24A /* LaunchScreen.storyboard */,
				37C2BBC92158166E00FCB24A /* Info.plist */,
				37C2BBCA2158166E00FCB24A /* main.m */,
			);
			path = EmbeddedApp;
			sourceTree = "<group>";
		};
		37C2BBD32158166E00FCB24A /* EmbeddedAppTests */ = {
			isa = PBXGroup;
			children = (
				37C2BBD42158166E00FCB24A /* EmbeddedAppTests.m */,
				37C2BBD62158166E00FCB24A /* Info.plist */,
			);
			path = EmbeddedAppTests;
			sourceTree = "<group>";
		};
		37C2BBDE2158166E00FCB24A /* EmbeddedAppUITests */ = {
			isa = PBXGroup;
			children = (
				37C2BBDF2158166E00FCB24A /* EmbeddedAppUITests.m */,
				37C2BBE12158166E00FCB24A /* Info.plist */,
			);
			path = EmbeddedAppUITests;
			sourceTree = "<group>";
		};
		435A19DB4756739E96021E83 /* Frameworks */ = {
			isa = PBXGroup;
			children = (
				8FA83CD1C5D3522CC98A0BE6 /* libPods-EmbeddedApp.a */,
				1BD0DFD602CEA78108C1B0E3 /* libPods-EmbeddedAppTests.a */,
				5C1D94D9A1799A2000128C3C /* libPods-EmbeddedAppUITests.a */,
			);
			name = Frameworks;
			sourceTree = "<group>";
		};
		8DD9349A03B8F1815DB555F0 /* Pods */ = {
			isa = PBXGroup;
			children = (
				FF495F986649A48E0FD05849 /* Pods-EmbeddedApp.debug.xcconfig */,
				8B6C2DF5137B2244618D9FBD /* Pods-EmbeddedApp.release.xcconfig */,
				58113E2B3196629C734E8826 /* Pods-EmbeddedAppTests.debug.xcconfig */,
				EE72FAE4874439B5FA3CA9CD /* Pods-EmbeddedAppTests.release.xcconfig */,
				A62A66762C5B40B7EAEDDFFF /* Pods-EmbeddedAppUITests.debug.xcconfig */,
				8001966D14F264D27FB0A1B3 /* Pods-EmbeddedAppUITests.release.xcconfig */,
			);
			name = Pods;
			sourceTree = "<group>";
		};
/* End PBXGroup section */

/* Begin PBXNativeTarget section */
		37C2BBB72158166D00FCB24A /* EmbeddedApp */ = {
			isa = PBXNativeTarget;
			buildConfigurationList = 37C2BBE42158166E00FCB24A /* Build configuration list for PBXNativeTarget "EmbeddedApp" */;
			buildPhases = (
				D8FECF62B54BCCAFCF2B82E2 /* [CP] Check Pods Manifest.lock */,
				37C2BBB42158166D00FCB24A /* Sources */,
				37C2BBB52158166D00FCB24A /* Frameworks */,
				37C2BBB62158166D00FCB24A /* Resources */,
			);
			buildRules = (
			);
			dependencies = (
			);
			name = EmbeddedApp;
			productName = EmbeddedApp;
			productReference = 37C2BBB82158166D00FCB24A /* EmbeddedApp.app */;
			productType = "com.apple.product-type.application";
		};
		37C2BBCF2158166E00FCB24A /* EmbeddedAppTests */ = {
			isa = PBXNativeTarget;
			buildConfigurationList = 37C2BBE72158166E00FCB24A /* Build configuration list for PBXNativeTarget "EmbeddedAppTests" */;
			buildPhases = (
				CCBD80373D1CE45E43AAA63F /* [CP] Check Pods Manifest.lock */,
				37C2BBCC2158166E00FCB24A /* Sources */,
				37C2BBCD2158166E00FCB24A /* Frameworks */,
				37C2BBCE2158166E00FCB24A /* Resources */,
			);
			buildRules = (
			);
			dependencies = (
				37C2BBD22158166E00FCB24A /* PBXTargetDependency */,
			);
			name = EmbeddedAppTests;
			productName = EmbeddedAppTests;
			productReference = 37C2BBD02158166E00FCB24A /* EmbeddedAppTests.xctest */;
			productType = "com.apple.product-type.bundle.unit-test";
		};
		37C2BBDA2158166E00FCB24A /* EmbeddedAppUITests */ = {
			isa = PBXNativeTarget;
			buildConfigurationList = 37C2BBEA2158166E00FCB24A /* Build configuration list for PBXNativeTarget "EmbeddedAppUITests" */;
			buildPhases = (
				84E6A4BAFF30AC0A925C457F /* [CP] Check Pods Manifest.lock */,
				37C2BBD72158166E00FCB24A /* Sources */,
				37C2BBD82158166E00FCB24A /* Frameworks */,
				37C2BBD92158166E00FCB24A /* Resources */,
			);
			buildRules = (
			);
			dependencies = (
				37C2BBDD2158166E00FCB24A /* PBXTargetDependency */,
			);
			name = EmbeddedAppUITests;
			productName = EmbeddedAppUITests;
			productReference = 37C2BBDB2158166E00FCB24A /* EmbeddedAppUITests.xctest */;
			productType = "com.apple.product-type.bundle.ui-testing";
		};
/* End PBXNativeTarget section */

/* Begin PBXProject section */
		37C2BBB02158166D00FCB24A /* Project object */ = {
			isa = PBXProject;
			attributes = {
				LastUpgradeCheck = 1000;
				ORGANIZATIONNAME = "Daniel Ward";
				TargetAttributes = {
					37C2BBB72158166D00FCB24A = {
						CreatedOnToolsVersion = 10.0;
					};
					37C2BBCF2158166E00FCB24A = {
						CreatedOnToolsVersion = 10.0;
						TestTargetID = 37C2BBB72158166D00FCB24A;
					};
					37C2BBDA2158166E00FCB24A = {
						CreatedOnToolsVersion = 10.0;
						TestTargetID = 37C2BBB72158166D00FCB24A;
					};
				};
			};
			buildConfigurationList = 37C2BBB32158166D00FCB24A /* Build configuration list for PBXProject "EmbeddedApp" */;
			compatibilityVersion = "Xcode 9.3";
			developmentRegion = en;
			hasScannedForEncodings = 0;
			knownRegions = (
				en,
				Base,
			);
			mainGroup = 37C2BBAF2158166D00FCB24A;
			productRefGroup = 37C2BBB92158166D00FCB24A /* Products */;
			projectDirPath = "";
			projectRoot = "";
			targets = (
				37C2BBB72158166D00FCB24A /* EmbeddedApp */,
				37C2BBCF2158166E00FCB24A /* EmbeddedAppTests */,
				37C2BBDA2158166E00FCB24A /* EmbeddedAppUITests */,
			);
		};
/* End PBXProject section */

/* Begin PBXResourcesBuildPhase section */
		37C2BBB62158166D00FCB24A /* Resources */ = {
			isa = PBXResourcesBuildPhase;
			buildActionMask = 2147483647;
			files = (
				37C2BBC82158166E00FCB24A /* LaunchScreen.storyboard in Resources */,
				37C2BBC52158166E00FCB24A /* Assets.xcassets in Resources */,
				37C2BBC32158166D00FCB24A /* Main.storyboard in Resources */,
			);
			runOnlyForDeploymentPostprocessing = 0;
		};
		37C2BBCE2158166E00FCB24A /* Resources */ = {
			isa = PBXResourcesBuildPhase;
			buildActionMask = 2147483647;
			files = (
			);
			runOnlyForDeploymentPostprocessing = 0;
		};
		37C2BBD92158166E00FCB24A /* Resources */ = {
			isa = PBXResourcesBuildPhase;
			buildActionMask = 2147483647;
			files = (
			);
			runOnlyForDeploymentPostprocessing = 0;
		};
/* End PBXResourcesBuildPhase section */

/* Begin PBXShellScriptBuildPhase section */
		84E6A4BAFF30AC0A925C457F /* [CP] Check Pods Manifest.lock */ = {
			isa = PBXShellScriptBuildPhase;
			buildActionMask = 2147483647;
			files = (
			);
			inputPaths = (
				"${PODS_PODFILE_DIR_PATH}/Podfile.lock",
				"${PODS_ROOT}/Manifest.lock",
			);
			name = "[CP] Check Pods Manifest.lock";
			outputPaths = (
				"$(DERIVED_FILE_DIR)/Pods-EmbeddedAppUITests-checkManifestLockResult.txt",
			);
			runOnlyForDeploymentPostprocessing = 0;
			shellPath = /bin/sh;
			shellScript = "diff \"${PODS_PODFILE_DIR_PATH}/Podfile.lock\" \"${PODS_ROOT}/Manifest.lock\" > /dev/null\nif [ $? != 0 ] ; then\n    # print error to STDERR\n    echo \"error: The sandbox is not in sync with the Podfile.lock. Run 'pod install' or update your CocoaPods installation.\" >&2\n    exit 1\nfi\n# This output is used by Xcode 'outputs' to avoid re-running this script phase.\necho \"SUCCESS\" > \"${SCRIPT_OUTPUT_FILE_0}\"\n";
			showEnvVarsInLog = 0;
		};
		CCBD80373D1CE45E43AAA63F /* [CP] Check Pods Manifest.lock */ = {
			isa = PBXShellScriptBuildPhase;
			buildActionMask = 2147483647;
			files = (
			);
			inputPaths = (
				"${PODS_PODFILE_DIR_PATH}/Podfile.lock",
				"${PODS_ROOT}/Manifest.lock",
			);
			name = "[CP] Check Pods Manifest.lock";
			outputPaths = (
				"$(DERIVED_FILE_DIR)/Pods-EmbeddedAppTests-checkManifestLockResult.txt",
			);
			runOnlyForDeploymentPostprocessing = 0;
			shellPath = /bin/sh;
			shellScript = "diff \"${PODS_PODFILE_DIR_PATH}/Podfile.lock\" \"${PODS_ROOT}/Manifest.lock\" > /dev/null\nif [ $? != 0 ] ; then\n    # print error to STDERR\n    echo \"error: The sandbox is not in sync with the Podfile.lock. Run 'pod install' or update your CocoaPods installation.\" >&2\n    exit 1\nfi\n# This output is used by Xcode 'outputs' to avoid re-running this script phase.\necho \"SUCCESS\" > \"${SCRIPT_OUTPUT_FILE_0}\"\n";
			showEnvVarsInLog = 0;
		};
		D8FECF62B54BCCAFCF2B82E2 /* [CP] Check Pods Manifest.lock */ = {
			isa = PBXShellScriptBuildPhase;
			buildActionMask = 2147483647;
			files = (
			);
			inputPaths = (
				"${PODS_PODFILE_DIR_PATH}/Podfile.lock",
				"${PODS_ROOT}/Manifest.lock",
			);
			name = "[CP] Check Pods Manifest.lock";
			outputPaths = (
				"$(DERIVED_FILE_DIR)/Pods-EmbeddedApp-checkManifestLockResult.txt",
			);
			runOnlyForDeploymentPostprocessing = 0;
			shellPath = /bin/sh;
			shellScript = "diff \"${PODS_PODFILE_DIR_PATH}/Podfile.lock\" \"${PODS_ROOT}/Manifest.lock\" > /dev/null\nif [ $? != 0 ] ; then\n    # print error to STDERR\n    echo \"error: The sandbox is not in sync with the Podfile.lock. Run 'pod install' or update your CocoaPods installation.\" >&2\n    exit 1\nfi\n# This output is used by Xcode 'outputs' to avoid re-running this script phase.\necho \"SUCCESS\" > \"${SCRIPT_OUTPUT_FILE_0}\"\n";
			showEnvVarsInLog = 0;
		};
/* End PBXShellScriptBuildPhase section */

/* Begin PBXSourcesBuildPhase section */
		37C2BBB42158166D00FCB24A /* Sources */ = {
			isa = PBXSourcesBuildPhase;
			buildActionMask = 2147483647;
			files = (
				372591EE21581B17001DA6DE /* EmbeddedViewController.m in Sources */,
				3790D51A2169529A00FB05D9 /* UserNameManager.m in Sources */,
				37C2BBC02158166D00FCB24A /* ViewController.m in Sources */,
				37C2BBCB2158166E00FCB24A /* main.m in Sources */,
				37C2BBBD2158166D00FCB24A /* AppDelegate.m in Sources */,
			);
			runOnlyForDeploymentPostprocessing = 0;
		};
		37C2BBCC2158166E00FCB24A /* Sources */ = {
			isa = PBXSourcesBuildPhase;
			buildActionMask = 2147483647;
			files = (
				37C2BBD52158166E00FCB24A /* EmbeddedAppTests.m in Sources */,
			);
			runOnlyForDeploymentPostprocessing = 0;
		};
		37C2BBD72158166E00FCB24A /* Sources */ = {
			isa = PBXSourcesBuildPhase;
			buildActionMask = 2147483647;
			files = (
				37C2BBE02158166E00FCB24A /* EmbeddedAppUITests.m in Sources */,
			);
			runOnlyForDeploymentPostprocessing = 0;
		};
/* End PBXSourcesBuildPhase section */

/* Begin PBXTargetDependency section */
		37C2BBD22158166E00FCB24A /* PBXTargetDependency */ = {
			isa = PBXTargetDependency;
			target = 37C2BBB72158166D00FCB24A /* EmbeddedApp */;
			targetProxy = 37C2BBD12158166E00FCB24A /* PBXContainerItemProxy */;
		};
		37C2BBDD2158166E00FCB24A /* PBXTargetDependency */ = {
			isa = PBXTargetDependency;
			target = 37C2BBB72158166D00FCB24A /* EmbeddedApp */;
			targetProxy = 37C2BBDC2158166E00FCB24A /* PBXContainerItemProxy */;
		};
/* End PBXTargetDependency section */

/* Begin PBXVariantGroup section */
		37C2BBC12158166D00FCB24A /* Main.storyboard */ = {
			isa = PBXVariantGroup;
			children = (
				37C2BBC22158166D00FCB24A /* Base */,
			);
			name = Main.storyboard;
			sourceTree = "<group>";
		};
		37C2BBC62158166E00FCB24A /* LaunchScreen.storyboard */ = {
			isa = PBXVariantGroup;
			children = (
				37C2BBC72158166E00FCB24A /* Base */,
			);
			name = LaunchScreen.storyboard;
			sourceTree = "<group>";
		};
/* End PBXVariantGroup section */

/* Begin XCBuildConfiguration section */
		37C2BBE22158166E00FCB24A /* Debug */ = {
			isa = XCBuildConfiguration;
			buildSettings = {
				ALWAYS_SEARCH_USER_PATHS = NO;
				CLANG_ANALYZER_NONNULL = YES;
				CLANG_ANALYZER_NUMBER_OBJECT_CONVERSION = YES_AGGRESSIVE;
				CLANG_CXX_LANGUAGE_STANDARD = "gnu++14";
				CLANG_CXX_LIBRARY = "libc++";
				CLANG_ENABLE_MODULES = YES;
				CLANG_ENABLE_OBJC_ARC = YES;
				CLANG_ENABLE_OBJC_WEAK = YES;
				CLANG_WARN_BLOCK_CAPTURE_AUTORELEASING = YES;
				CLANG_WARN_BOOL_CONVERSION = YES;
				CLANG_WARN_COMMA = YES;
				CLANG_WARN_CONSTANT_CONVERSION = YES;
				CLANG_WARN_DEPRECATED_OBJC_IMPLEMENTATIONS = YES;
				CLANG_WARN_DIRECT_OBJC_ISA_USAGE = YES_ERROR;
				CLANG_WARN_DOCUMENTATION_COMMENTS = YES;
				CLANG_WARN_EMPTY_BODY = YES;
				CLANG_WARN_ENUM_CONVERSION = YES;
				CLANG_WARN_INFINITE_RECURSION = YES;
				CLANG_WARN_INT_CONVERSION = YES;
				CLANG_WARN_NON_LITERAL_NULL_CONVERSION = YES;
				CLANG_WARN_OBJC_IMPLICIT_RETAIN_SELF = YES;
				CLANG_WARN_OBJC_LITERAL_CONVERSION = YES;
				CLANG_WARN_OBJC_ROOT_CLASS = YES_ERROR;
				CLANG_WARN_RANGE_LOOP_ANALYSIS = YES;
				CLANG_WARN_STRICT_PROTOTYPES = YES;
				CLANG_WARN_SUSPICIOUS_MOVE = YES;
				CLANG_WARN_UNGUARDED_AVAILABILITY = YES_AGGRESSIVE;
				CLANG_WARN_UNREACHABLE_CODE = YES;
				CLANG_WARN__DUPLICATE_METHOD_MATCH = YES;
				CODE_SIGN_IDENTITY = "iPhone Developer";
				COPY_PHASE_STRIP = NO;
				DEBUG_INFORMATION_FORMAT = dwarf;
				ENABLE_STRICT_OBJC_MSGSEND = YES;
				ENABLE_TESTABILITY = YES;
				GCC_C_LANGUAGE_STANDARD = gnu11;
				GCC_DYNAMIC_NO_PIC = NO;
				GCC_NO_COMMON_BLOCKS = YES;
				GCC_OPTIMIZATION_LEVEL = 0;
				GCC_PREPROCESSOR_DEFINITIONS = (
					"DEBUG=1",
					"$(inherited)",
				);
				GCC_WARN_64_TO_32_BIT_CONVERSION = YES;
				GCC_WARN_ABOUT_RETURN_TYPE = YES_ERROR;
				GCC_WARN_UNDECLARED_SELECTOR = YES;
				GCC_WARN_UNINITIALIZED_AUTOS = YES_AGGRESSIVE;
				GCC_WARN_UNUSED_FUNCTION = YES;
				GCC_WARN_UNUSED_VARIABLE = YES;
				IPHONEOS_DEPLOYMENT_TARGET = 12.0;
				MTL_ENABLE_DEBUG_INFO = INCLUDE_SOURCE;
				MTL_FAST_MATH = YES;
				ONLY_ACTIVE_ARCH = YES;
				SDKROOT = iphoneos;
			};
			name = Debug;
		};
		37C2BBE32158166E00FCB24A /* Release */ = {
			isa = XCBuildConfiguration;
			buildSettings = {
				ALWAYS_SEARCH_USER_PATHS = NO;
				CLANG_ANALYZER_NONNULL = YES;
				CLANG_ANALYZER_NUMBER_OBJECT_CONVERSION = YES_AGGRESSIVE;
				CLANG_CXX_LANGUAGE_STANDARD = "gnu++14";
				CLANG_CXX_LIBRARY = "libc++";
				CLANG_ENABLE_MODULES = YES;
				CLANG_ENABLE_OBJC_ARC = YES;
				CLANG_ENABLE_OBJC_WEAK = YES;
				CLANG_WARN_BLOCK_CAPTURE_AUTORELEASING = YES;
				CLANG_WARN_BOOL_CONVERSION = YES;
				CLANG_WARN_COMMA = YES;
				CLANG_WARN_CONSTANT_CONVERSION = YES;
				CLANG_WARN_DEPRECATED_OBJC_IMPLEMENTATIONS = YES;
				CLANG_WARN_DIRECT_OBJC_ISA_USAGE = YES_ERROR;
				CLANG_WARN_DOCUMENTATION_COMMENTS = YES;
				CLANG_WARN_EMPTY_BODY = YES;
				CLANG_WARN_ENUM_CONVERSION = YES;
				CLANG_WARN_INFINITE_RECURSION = YES;
				CLANG_WARN_INT_CONVERSION = YES;
				CLANG_WARN_NON_LITERAL_NULL_CONVERSION = YES;
				CLANG_WARN_OBJC_IMPLICIT_RETAIN_SELF = YES;
				CLANG_WARN_OBJC_LITERAL_CONVERSION = YES;
				CLANG_WARN_OBJC_ROOT_CLASS = YES_ERROR;
				CLANG_WARN_RANGE_LOOP_ANALYSIS = YES;
				CLANG_WARN_STRICT_PROTOTYPES = YES;
				CLANG_WARN_SUSPICIOUS_MOVE = YES;
				CLANG_WARN_UNGUARDED_AVAILABILITY = YES_AGGRESSIVE;
				CLANG_WARN_UNREACHABLE_CODE = YES;
				CLANG_WARN__DUPLICATE_METHOD_MATCH = YES;
				CODE_SIGN_IDENTITY = "iPhone Developer";
				COPY_PHASE_STRIP = NO;
				DEBUG_INFORMATION_FORMAT = "dwarf-with-dsym";
				ENABLE_NS_ASSERTIONS = NO;
				ENABLE_STRICT_OBJC_MSGSEND = YES;
				GCC_C_LANGUAGE_STANDARD = gnu11;
				GCC_NO_COMMON_BLOCKS = YES;
				GCC_WARN_64_TO_32_BIT_CONVERSION = YES;
				GCC_WARN_ABOUT_RETURN_TYPE = YES_ERROR;
				GCC_WARN_UNDECLARED_SELECTOR = YES;
				GCC_WARN_UNINITIALIZED_AUTOS = YES_AGGRESSIVE;
				GCC_WARN_UNUSED_FUNCTION = YES;
				GCC_WARN_UNUSED_VARIABLE = YES;
				IPHONEOS_DEPLOYMENT_TARGET = 12.0;
				MTL_ENABLE_DEBUG_INFO = NO;
				MTL_FAST_MATH = YES;
				SDKROOT = iphoneos;
				VALIDATE_PRODUCT = YES;
			};
			name = Release;
		};
		37C2BBE52158166E00FCB24A /* Debug */ = {
			isa = XCBuildConfiguration;
			baseConfigurationReference = FF495F986649A48E0FD05849 /* Pods-EmbeddedApp.debug.xcconfig */;
			buildSettings = {
				ASSETCATALOG_COMPILER_APPICON_NAME = AppIcon;
				CODE_SIGN_STYLE = Automatic;
				DEVELOPMENT_TEAM = 6R9K67NH7R;
				INFOPLIST_FILE = EmbeddedApp/Info.plist;
				IPHONEOS_DEPLOYMENT_TARGET = 11.4;
				LD_RUNPATH_SEARCH_PATHS = (
					"$(inherited)",
					"@executable_path/Frameworks",
				);
				PRODUCT_BUNDLE_IDENTIFIER = com.warlyware.EmbeddedApp;
				PRODUCT_NAME = "$(TARGET_NAME)";
				TARGETED_DEVICE_FAMILY = "1,2";
			};
			name = Debug;
		};
		37C2BBE62158166E00FCB24A /* Release */ = {
			isa = XCBuildConfiguration;
			baseConfigurationReference = 8B6C2DF5137B2244618D9FBD /* Pods-EmbeddedApp.release.xcconfig */;
			buildSettings = {
				ASSETCATALOG_COMPILER_APPICON_NAME = AppIcon;
				CODE_SIGN_STYLE = Automatic;
				DEVELOPMENT_TEAM = 6R9K67NH7R;
				INFOPLIST_FILE = EmbeddedApp/Info.plist;
				IPHONEOS_DEPLOYMENT_TARGET = 11.4;
				LD_RUNPATH_SEARCH_PATHS = (
					"$(inherited)",
					"@executable_path/Frameworks",
				);
				PRODUCT_BUNDLE_IDENTIFIER = com.warlyware.EmbeddedApp;
				PRODUCT_NAME = "$(TARGET_NAME)";
				TARGETED_DEVICE_FAMILY = "1,2";
			};
			name = Release;
		};
		37C2BBE82158166E00FCB24A /* Debug */ = {
			isa = XCBuildConfiguration;
			baseConfigurationReference = 58113E2B3196629C734E8826 /* Pods-EmbeddedAppTests.debug.xcconfig */;
			buildSettings = {
				BUNDLE_LOADER = "$(TEST_HOST)";
				CODE_SIGN_STYLE = Automatic;
				DEVELOPMENT_TEAM = 6R9K67NH7R;
				INFOPLIST_FILE = EmbeddedAppTests/Info.plist;
				LD_RUNPATH_SEARCH_PATHS = (
					"$(inherited)",
					"@executable_path/Frameworks",
					"@loader_path/Frameworks",
				);
				PRODUCT_BUNDLE_IDENTIFIER = com.warlyware.EmbeddedAppTests;
				PRODUCT_NAME = "$(TARGET_NAME)";
				TARGETED_DEVICE_FAMILY = "1,2";
				TEST_HOST = "$(BUILT_PRODUCTS_DIR)/EmbeddedApp.app/EmbeddedApp";
			};
			name = Debug;
		};
		37C2BBE92158166E00FCB24A /* Release */ = {
			isa = XCBuildConfiguration;
			baseConfigurationReference = EE72FAE4874439B5FA3CA9CD /* Pods-EmbeddedAppTests.release.xcconfig */;
			buildSettings = {
				BUNDLE_LOADER = "$(TEST_HOST)";
				CODE_SIGN_STYLE = Automatic;
				DEVELOPMENT_TEAM = 6R9K67NH7R;
				INFOPLIST_FILE = EmbeddedAppTests/Info.plist;
				LD_RUNPATH_SEARCH_PATHS = (
					"$(inherited)",
					"@executable_path/Frameworks",
					"@loader_path/Frameworks",
				);
				PRODUCT_BUNDLE_IDENTIFIER = com.warlyware.EmbeddedAppTests;
				PRODUCT_NAME = "$(TARGET_NAME)";
				TARGETED_DEVICE_FAMILY = "1,2";
				TEST_HOST = "$(BUILT_PRODUCTS_DIR)/EmbeddedApp.app/EmbeddedApp";
			};
			name = Release;
		};
		37C2BBEB2158166E00FCB24A /* Debug */ = {
			isa = XCBuildConfiguration;
			baseConfigurationReference = A62A66762C5B40B7EAEDDFFF /* Pods-EmbeddedAppUITests.debug.xcconfig */;
			buildSettings = {
				CODE_SIGN_STYLE = Automatic;
				DEVELOPMENT_TEAM = 6R9K67NH7R;
				INFOPLIST_FILE = EmbeddedAppUITests/Info.plist;
				LD_RUNPATH_SEARCH_PATHS = (
					"$(inherited)",
					"@executable_path/Frameworks",
					"@loader_path/Frameworks",
				);
				PRODUCT_BUNDLE_IDENTIFIER = com.warlyware.EmbeddedAppUITests;
				PRODUCT_NAME = "$(TARGET_NAME)";
				TARGETED_DEVICE_FAMILY = "1,2";
				TEST_TARGET_NAME = EmbeddedApp;
			};
			name = Debug;
		};
		37C2BBEC2158166E00FCB24A /* Release */ = {
			isa = XCBuildConfiguration;
			baseConfigurationReference = 8001966D14F264D27FB0A1B3 /* Pods-EmbeddedAppUITests.release.xcconfig */;
			buildSettings = {
				CODE_SIGN_STYLE = Automatic;
				DEVELOPMENT_TEAM = 6R9K67NH7R;
				INFOPLIST_FILE = EmbeddedAppUITests/Info.plist;
				LD_RUNPATH_SEARCH_PATHS = (
					"$(inherited)",
					"@executable_path/Frameworks",
					"@loader_path/Frameworks",
				);
				PRODUCT_BUNDLE_IDENTIFIER = com.warlyware.EmbeddedAppUITests;
				PRODUCT_NAME = "$(TARGET_NAME)";
				TARGETED_DEVICE_FAMILY = "1,2";
				TEST_TARGET_NAME = EmbeddedApp;
			};
			name = Release;
		};
/* End XCBuildConfiguration section */

/* Begin XCConfigurationList section */
		37C2BBB32158166D00FCB24A /* Build configuration list for PBXProject "EmbeddedApp" */ = {
			isa = XCConfigurationList;
			buildConfigurations = (
				37C2BBE22158166E00FCB24A /* Debug */,
				37C2BBE32158166E00FCB24A /* Release */,
			);
			defaultConfigurationIsVisible = 0;
			defaultConfigurationName = Release;
		};
		37C2BBE42158166E00FCB24A /* Build configuration list for PBXNativeTarget "EmbeddedApp" */ = {
			isa = XCConfigurationList;
			buildConfigurations = (
				37C2BBE52158166E00FCB24A /* Debug */,
				37C2BBE62158166E00FCB24A /* Release */,
			);
			defaultConfigurationIsVisible = 0;
			defaultConfigurationName = Release;
		};
		37C2BBE72158166E00FCB24A /* Build configuration list for PBXNativeTarget "EmbeddedAppTests" */ = {
			isa = XCConfigurationList;
			buildConfigurations = (
				37C2BBE82158166E00FCB24A /* Debug */,
				37C2BBE92158166E00FCB24A /* Release */,
			);
			defaultConfigurationIsVisible = 0;
			defaultConfigurationName = Release;
		};
		37C2BBEA2158166E00FCB24A /* Build configuration list for PBXNativeTarget "EmbeddedAppUITests" */ = {
			isa = XCConfigurationList;
			buildConfigurations = (
				37C2BBEB2158166E00FCB24A /* Debug */,
				37C2BBEC2158166E00FCB24A /* Release */,
			);
			defaultConfigurationIsVisible = 0;
			defaultConfigurationName = Release;
		};
/* End XCConfigurationList section */
	};
	rootObject = 37C2BBB02158166D00FCB24A /* Project object */;
}
