// !$*UTF8*$!
{
	archiveVersion = 1;
	classes = {
	};
	objectVersion = 50;
	objects = {

/* Begin PBXBuildFile section */
		371486622156B32E006437A3 /* AppDelegate.m in Sources */ = {isa = PBXBuildFile; fileRef = 371486612156B32E006437A3 /* AppDelegate.m */; };
		371486652156B32F006437A3 /* ViewController.m in Sources */ = {isa = PBXBuildFile; fileRef = 371486642156B32E006437A3 /* ViewController.m */; };
		371486682156B32F006437A3 /* Main.storyboard in Resources */ = {isa = PBXBuildFile; fileRef = 371486662156B32F006437A3 /* Main.storyboard */; };
		3714866A2156B32F006437A3 /* Assets.xcassets in Resources */ = {isa = PBXBuildFile; fileRef = 371486692156B32F006437A3 /* Assets.xcassets */; };
		3714866D2156B32F006437A3 /* LaunchScreen.storyboard in Resources */ = {isa = PBXBuildFile; fileRef = 3714866B2156B32F006437A3 /* LaunchScreen.storyboard */; };
		371486702156B32F006437A3 /* main.m in Sources */ = {isa = PBXBuildFile; fileRef = 3714866F2156B32F006437A3 /* main.m */; };
		3714867A2156B32F006437A3 /* EmbeddedAppTests.m in Sources */ = {isa = PBXBuildFile; fileRef = 371486792156B32F006437A3 /* EmbeddedAppTests.m */; };
		371486852156B330006437A3 /* EmbeddedAppUITests.m in Sources */ = {isa = PBXBuildFile; fileRef = 371486842156B330006437A3 /* EmbeddedAppUITests.m */; };
/* End PBXBuildFile section */

/* Begin PBXContainerItemProxy section */
		371486762156B32F006437A3 /* PBXContainerItemProxy */ = {
			isa = PBXContainerItemProxy;
			containerPortal = 371486552156B32E006437A3 /* Project object */;
			proxyType = 1;
			remoteGlobalIDString = 3714865C2156B32E006437A3;
			remoteInfo = EmbeddedApp;
		};
		371486812156B330006437A3 /* PBXContainerItemProxy */ = {
			isa = PBXContainerItemProxy;
			containerPortal = 371486552156B32E006437A3 /* Project object */;
			proxyType = 1;
			remoteGlobalIDString = 3714865C2156B32E006437A3;
			remoteInfo = EmbeddedApp;
		};
/* End PBXContainerItemProxy section */

/* Begin PBXFileReference section */
		3714865D2156B32E006437A3 /* EmbeddedApp.app */ = {isa = PBXFileReference; explicitFileType = wrapper.application; includeInIndex = 0; path = EmbeddedApp.app; sourceTree = BUILT_PRODUCTS_DIR; };
		371486602156B32E006437A3 /* AppDelegate.h */ = {isa = PBXFileReference; lastKnownFileType = sourcecode.c.h; path = AppDelegate.h; sourceTree = "<group>"; };
		371486612156B32E006437A3 /* AppDelegate.m */ = {isa = PBXFileReference; lastKnownFileType = sourcecode.c.objc; path = AppDelegate.m; sourceTree = "<group>"; };
		371486632156B32E006437A3 /* ViewController.h */ = {isa = PBXFileReference; lastKnownFileType = sourcecode.c.h; path = ViewController.h; sourceTree = "<group>"; };
		371486642156B32E006437A3 /* ViewController.m */ = {isa = PBXFileReference; lastKnownFileType = sourcecode.c.objc; path = ViewController.m; sourceTree = "<group>"; };
		371486672156B32F006437A3 /* Base */ = {isa = PBXFileReference; lastKnownFileType = file.storyboard; name = Base; path = Base.lproj/Main.storyboard; sourceTree = "<group>"; };
		371486692156B32F006437A3 /* Assets.xcassets */ = {isa = PBXFileReference; lastKnownFileType = folder.assetcatalog; path = Assets.xcassets; sourceTree = "<group>"; };
		3714866C2156B32F006437A3 /* Base */ = {isa = PBXFileReference; lastKnownFileType = file.storyboard; name = Base; path = Base.lproj/LaunchScreen.storyboard; sourceTree = "<group>"; };
		3714866E2156B32F006437A3 /* Info.plist */ = {isa = PBXFileReference; lastKnownFileType = text.plist.xml; path = Info.plist; sourceTree = "<group>"; };
		3714866F2156B32F006437A3 /* main.m */ = {isa = PBXFileReference; lastKnownFileType = sourcecode.c.objc; path = main.m; sourceTree = "<group>"; };
		371486752156B32F006437A3 /* EmbeddedAppTests.xctest */ = {isa = PBXFileReference; explicitFileType = wrapper.cfbundle; includeInIndex = 0; path = EmbeddedAppTests.xctest; sourceTree = BUILT_PRODUCTS_DIR; };
		371486792156B32F006437A3 /* EmbeddedAppTests.m */ = {isa = PBXFileReference; lastKnownFileType = sourcecode.c.objc; path = EmbeddedAppTests.m; sourceTree = "<group>"; };
		3714867B2156B32F006437A3 /* Info.plist */ = {isa = PBXFileReference; lastKnownFileType = text.plist.xml; path = Info.plist; sourceTree = "<group>"; };
		371486802156B330006437A3 /* EmbeddedAppUITests.xctest */ = {isa = PBXFileReference; explicitFileType = wrapper.cfbundle; includeInIndex = 0; path = EmbeddedAppUITests.xctest; sourceTree = BUILT_PRODUCTS_DIR; };
		371486842156B330006437A3 /* EmbeddedAppUITests.m */ = {isa = PBXFileReference; lastKnownFileType = sourcecode.c.objc; path = EmbeddedAppUITests.m; sourceTree = "<group>"; };
		371486862156B330006437A3 /* Info.plist */ = {isa = PBXFileReference; lastKnownFileType = text.plist.xml; path = Info.plist; sourceTree = "<group>"; };
/* End PBXFileReference section */

/* Begin PBXFrameworksBuildPhase section */
		3714865A2156B32E006437A3 /* Frameworks */ = {
			isa = PBXFrameworksBuildPhase;
			buildActionMask = 2147483647;
			files = (
			);
			runOnlyForDeploymentPostprocessing = 0;
		};
		371486722156B32F006437A3 /* Frameworks */ = {
			isa = PBXFrameworksBuildPhase;
			buildActionMask = 2147483647;
			files = (
			);
			runOnlyForDeploymentPostprocessing = 0;
		};
		3714867D2156B330006437A3 /* Frameworks */ = {
			isa = PBXFrameworksBuildPhase;
			buildActionMask = 2147483647;
			files = (
			);
			runOnlyForDeploymentPostprocessing = 0;
		};
/* End PBXFrameworksBuildPhase section */

/* Begin PBXGroup section */
		371486542156B32E006437A3 = {
			isa = PBXGroup;
			children = (
				3714865F2156B32E006437A3 /* EmbeddedApp */,
				371486782156B32F006437A3 /* EmbeddedAppTests */,
				371486832156B330006437A3 /* EmbeddedAppUITests */,
				3714865E2156B32E006437A3 /* Products */,
			);
			sourceTree = "<group>";
		};
		3714865E2156B32E006437A3 /* Products */ = {
			isa = PBXGroup;
			children = (
				3714865D2156B32E006437A3 /* EmbeddedApp.app */,
				371486752156B32F006437A3 /* EmbeddedAppTests.xctest */,
				371486802156B330006437A3 /* EmbeddedAppUITests.xctest */,
			);
			name = Products;
			sourceTree = "<group>";
		};
		3714865F2156B32E006437A3 /* EmbeddedApp */ = {
			isa = PBXGroup;
			children = (
				371486602156B32E006437A3 /* AppDelegate.h */,
				371486612156B32E006437A3 /* AppDelegate.m */,
				371486632156B32E006437A3 /* ViewController.h */,
				371486642156B32E006437A3 /* ViewController.m */,
				371486662156B32F006437A3 /* Main.storyboard */,
				371486692156B32F006437A3 /* Assets.xcassets */,
				3714866B2156B32F006437A3 /* LaunchScreen.storyboard */,
				3714866E2156B32F006437A3 /* Info.plist */,
				3714866F2156B32F006437A3 /* main.m */,
			);
			path = EmbeddedApp;
			sourceTree = "<group>";
		};
		371486782156B32F006437A3 /* EmbeddedAppTests */ = {
			isa = PBXGroup;
			children = (
				371486792156B32F006437A3 /* EmbeddedAppTests.m */,
				3714867B2156B32F006437A3 /* Info.plist */,
			);
			path = EmbeddedAppTests;
			sourceTree = "<group>";
		};
		371486832156B330006437A3 /* EmbeddedAppUITests */ = {
			isa = PBXGroup;
			children = (
				371486842156B330006437A3 /* EmbeddedAppUITests.m */,
				371486862156B330006437A3 /* Info.plist */,
			);
			path = EmbeddedAppUITests;
			sourceTree = "<group>";
		};
/* End PBXGroup section */

/* Begin PBXNativeTarget section */
		3714865C2156B32E006437A3 /* EmbeddedApp */ = {
			isa = PBXNativeTarget;
			buildConfigurationList = 371486892156B330006437A3 /* Build configuration list for PBXNativeTarget "EmbeddedApp" */;
			buildPhases = (
				371486592156B32E006437A3 /* Sources */,
				3714865A2156B32E006437A3 /* Frameworks */,
				3714865B2156B32E006437A3 /* Resources */,
			);
			buildRules = (
			);
			dependencies = (
			);
			name = EmbeddedApp;
			productName = EmbeddedApp;
			productReference = 3714865D2156B32E006437A3 /* EmbeddedApp.app */;
			productType = "com.apple.product-type.application";
		};
		371486742156B32F006437A3 /* EmbeddedAppTests */ = {
			isa = PBXNativeTarget;
			buildConfigurationList = 3714868C2156B330006437A3 /* Build configuration list for PBXNativeTarget "EmbeddedAppTests" */;
			buildPhases = (
				371486712156B32F006437A3 /* Sources */,
				371486722156B32F006437A3 /* Frameworks */,
				371486732156B32F006437A3 /* Resources */,
			);
			buildRules = (
			);
			dependencies = (
				371486772156B32F006437A3 /* PBXTargetDependency */,
			);
			name = EmbeddedAppTests;
			productName = EmbeddedAppTests;
			productReference = 371486752156B32F006437A3 /* EmbeddedAppTests.xctest */;
			productType = "com.apple.product-type.bundle.unit-test";
		};
		3714867F2156B330006437A3 /* EmbeddedAppUITests */ = {
			isa = PBXNativeTarget;
			buildConfigurationList = 3714868F2156B330006437A3 /* Build configuration list for PBXNativeTarget "EmbeddedAppUITests" */;
			buildPhases = (
				3714867C2156B330006437A3 /* Sources */,
				3714867D2156B330006437A3 /* Frameworks */,
				3714867E2156B330006437A3 /* Resources */,
			);
			buildRules = (
			);
			dependencies = (
				371486822156B330006437A3 /* PBXTargetDependency */,
			);
			name = EmbeddedAppUITests;
			productName = EmbeddedAppUITests;
			productReference = 371486802156B330006437A3 /* EmbeddedAppUITests.xctest */;
			productType = "com.apple.product-type.bundle.ui-testing";
		};
/* End PBXNativeTarget section */

/* Begin PBXProject section */
		371486552156B32E006437A3 /* Project object */ = {
			isa = PBXProject;
			attributes = {
				LastUpgradeCheck = 0940;
				ORGANIZATIONNAME = "Daniel Ward";
				TargetAttributes = {
					3714865C2156B32E006437A3 = {
						CreatedOnToolsVersion = 9.4.1;
					};
					371486742156B32F006437A3 = {
						CreatedOnToolsVersion = 9.4.1;
						TestTargetID = 3714865C2156B32E006437A3;
					};
					3714867F2156B330006437A3 = {
						CreatedOnToolsVersion = 9.4.1;
						TestTargetID = 3714865C2156B32E006437A3;
					};
				};
			};
			buildConfigurationList = 371486582156B32E006437A3 /* Build configuration list for PBXProject "EmbeddedApp" */;
			compatibilityVersion = "Xcode 9.3";
			developmentRegion = en;
			hasScannedForEncodings = 0;
			knownRegions = (
				en,
				Base,
			);
			mainGroup = 371486542156B32E006437A3;
			productRefGroup = 3714865E2156B32E006437A3 /* Products */;
			projectDirPath = "";
			projectRoot = "";
			targets = (
				3714865C2156B32E006437A3 /* EmbeddedApp */,
				371486742156B32F006437A3 /* EmbeddedAppTests */,
				3714867F2156B330006437A3 /* EmbeddedAppUITests */,
			);
		};
/* End PBXProject section */

/* Begin PBXResourcesBuildPhase section */
		3714865B2156B32E006437A3 /* Resources */ = {
			isa = PBXResourcesBuildPhase;
			buildActionMask = 2147483647;
			files = (
				3714866D2156B32F006437A3 /* LaunchScreen.storyboard in Resources */,
				3714866A2156B32F006437A3 /* Assets.xcassets in Resources */,
				371486682156B32F006437A3 /* Main.storyboard in Resources */,
			);
			runOnlyForDeploymentPostprocessing = 0;
		};
		371486732156B32F006437A3 /* Resources */ = {
			isa = PBXResourcesBuildPhase;
			buildActionMask = 2147483647;
			files = (
			);
			runOnlyForDeploymentPostprocessing = 0;
		};
		3714867E2156B330006437A3 /* Resources */ = {
			isa = PBXResourcesBuildPhase;
			buildActionMask = 2147483647;
			files = (
			);
			runOnlyForDeploymentPostprocessing = 0;
		};
/* End PBXResourcesBuildPhase section */

/* Begin PBXSourcesBuildPhase section */
		371486592156B32E006437A3 /* Sources */ = {
			isa = PBXSourcesBuildPhase;
			buildActionMask = 2147483647;
			files = (
				371486652156B32F006437A3 /* ViewController.m in Sources */,
				371486702156B32F006437A3 /* main.m in Sources */,
				371486622156B32E006437A3 /* AppDelegate.m in Sources */,
			);
			runOnlyForDeploymentPostprocessing = 0;
		};
		371486712156B32F006437A3 /* Sources */ = {
			isa = PBXSourcesBuildPhase;
			buildActionMask = 2147483647;
			files = (
				3714867A2156B32F006437A3 /* EmbeddedAppTests.m in Sources */,
			);
			runOnlyForDeploymentPostprocessing = 0;
		};
		3714867C2156B330006437A3 /* Sources */ = {
			isa = PBXSourcesBuildPhase;
			buildActionMask = 2147483647;
			files = (
				371486852156B330006437A3 /* EmbeddedAppUITests.m in Sources */,
			);
			runOnlyForDeploymentPostprocessing = 0;
		};
/* End PBXSourcesBuildPhase section */

/* Begin PBXTargetDependency section */
		371486772156B32F006437A3 /* PBXTargetDependency */ = {
			isa = PBXTargetDependency;
			target = 3714865C2156B32E006437A3 /* EmbeddedApp */;
			targetProxy = 371486762156B32F006437A3 /* PBXContainerItemProxy */;
		};
		371486822156B330006437A3 /* PBXTargetDependency */ = {
			isa = PBXTargetDependency;
			target = 3714865C2156B32E006437A3 /* EmbeddedApp */;
			targetProxy = 371486812156B330006437A3 /* PBXContainerItemProxy */;
		};
/* End PBXTargetDependency section */

/* Begin PBXVariantGroup section */
		371486662156B32F006437A3 /* Main.storyboard */ = {
			isa = PBXVariantGroup;
			children = (
				371486672156B32F006437A3 /* Base */,
			);
			name = Main.storyboard;
			sourceTree = "<group>";
		};
		3714866B2156B32F006437A3 /* LaunchScreen.storyboard */ = {
			isa = PBXVariantGroup;
			children = (
				3714866C2156B32F006437A3 /* Base */,
			);
			name = LaunchScreen.storyboard;
			sourceTree = "<group>";
		};
/* End PBXVariantGroup section */

/* Begin XCBuildConfiguration section */
		371486872156B330006437A3 /* Debug */ = {
			isa = XCBuildConfiguration;
			buildSettings = {
				ALWAYS_SEARCH_USER_PATHS = NO;
				CLANG_ANALYZER_NONNULL = YES;
				CLANG_ANALYZER_NUMBER_OBJECT_CONVERSION = YES_AGGRESSIVE;
				CLANG_CXX_LANGUAGE_STANDARD = "gnu++14";
				CLANG_CXX_LIBRARY = "libc++";
				CLANG_ENABLE_MODULES = YES;
				CLANG_ENABLE_OBJC_ARC = YES;
				CLANG_ENABLE_OBJC_WEAK = YES;
				CLANG_WARN_BLOCK_CAPTURE_AUTORELEASING = YES;
				CLANG_WARN_BOOL_CONVERSION = YES;
				CLANG_WARN_COMMA = YES;
				CLANG_WARN_CONSTANT_CONVERSION = YES;
				CLANG_WARN_DEPRECATED_OBJC_IMPLEMENTATIONS = YES;
				CLANG_WARN_DIRECT_OBJC_ISA_USAGE = YES_ERROR;
				CLANG_WARN_DOCUMENTATION_COMMENTS = YES;
				CLANG_WARN_EMPTY_BODY = YES;
				CLANG_WARN_ENUM_CONVERSION = YES;
				CLANG_WARN_INFINITE_RECURSION = YES;
				CLANG_WARN_INT_CONVERSION = YES;
				CLANG_WARN_NON_LITERAL_NULL_CONVERSION = YES;
				CLANG_WARN_OBJC_IMPLICIT_RETAIN_SELF = YES;
				CLANG_WARN_OBJC_LITERAL_CONVERSION = YES;
				CLANG_WARN_OBJC_ROOT_CLASS = YES_ERROR;
				CLANG_WARN_RANGE_LOOP_ANALYSIS = YES;
				CLANG_WARN_STRICT_PROTOTYPES = YES;
				CLANG_WARN_SUSPICIOUS_MOVE = YES;
				CLANG_WARN_UNGUARDED_AVAILABILITY = YES_AGGRESSIVE;
				CLANG_WARN_UNREACHABLE_CODE = YES;
				CLANG_WARN__DUPLICATE_METHOD_MATCH = YES;
				CODE_SIGN_IDENTITY = "iPhone Developer";
				COPY_PHASE_STRIP = NO;
				DEBUG_INFORMATION_FORMAT = dwarf;
				ENABLE_STRICT_OBJC_MSGSEND = YES;
				ENABLE_TESTABILITY = YES;
				GCC_C_LANGUAGE_STANDARD = gnu11;
				GCC_DYNAMIC_NO_PIC = NO;
				GCC_NO_COMMON_BLOCKS = YES;
				GCC_OPTIMIZATION_LEVEL = 0;
				GCC_PREPROCESSOR_DEFINITIONS = (
					"DEBUG=1",
					"$(inherited)",
				);
				GCC_WARN_64_TO_32_BIT_CONVERSION = YES;
				GCC_WARN_ABOUT_RETURN_TYPE = YES_ERROR;
				GCC_WARN_UNDECLARED_SELECTOR = YES;
				GCC_WARN_UNINITIALIZED_AUTOS = YES_AGGRESSIVE;
				GCC_WARN_UNUSED_FUNCTION = YES;
				GCC_WARN_UNUSED_VARIABLE = YES;
				IPHONEOS_DEPLOYMENT_TARGET = 11.4;
				MTL_ENABLE_DEBUG_INFO = YES;
				ONLY_ACTIVE_ARCH = YES;
				SDKROOT = iphoneos;
			};
			name = Debug;
		};
		371486882156B330006437A3 /* Release */ = {
			isa = XCBuildConfiguration;
			buildSettings = {
				ALWAYS_SEARCH_USER_PATHS = NO;
				CLANG_ANALYZER_NONNULL = YES;
				CLANG_ANALYZER_NUMBER_OBJECT_CONVERSION = YES_AGGRESSIVE;
				CLANG_CXX_LANGUAGE_STANDARD = "gnu++14";
				CLANG_CXX_LIBRARY = "libc++";
				CLANG_ENABLE_MODULES = YES;
				CLANG_ENABLE_OBJC_ARC = YES;
				CLANG_ENABLE_OBJC_WEAK = YES;
				CLANG_WARN_BLOCK_CAPTURE_AUTORELEASING = YES;
				CLANG_WARN_BOOL_CONVERSION = YES;
				CLANG_WARN_COMMA = YES;
				CLANG_WARN_CONSTANT_CONVERSION = YES;
				CLANG_WARN_DEPRECATED_OBJC_IMPLEMENTATIONS = YES;
				CLANG_WARN_DIRECT_OBJC_ISA_USAGE = YES_ERROR;
				CLANG_WARN_DOCUMENTATION_COMMENTS = YES;
				CLANG_WARN_EMPTY_BODY = YES;
				CLANG_WARN_ENUM_CONVERSION = YES;
				CLANG_WARN_INFINITE_RECURSION = YES;
				CLANG_WARN_INT_CONVERSION = YES;
				CLANG_WARN_NON_LITERAL_NULL_CONVERSION = YES;
				CLANG_WARN_OBJC_IMPLICIT_RETAIN_SELF = YES;
				CLANG_WARN_OBJC_LITERAL_CONVERSION = YES;
				CLANG_WARN_OBJC_ROOT_CLASS = YES_ERROR;
				CLANG_WARN_RANGE_LOOP_ANALYSIS = YES;
				CLANG_WARN_STRICT_PROTOTYPES = YES;
				CLANG_WARN_SUSPICIOUS_MOVE = YES;
				CLANG_WARN_UNGUARDED_AVAILABILITY = YES_AGGRESSIVE;
				CLANG_WARN_UNREACHABLE_CODE = YES;
				CLANG_WARN__DUPLICATE_METHOD_MATCH = YES;
				CODE_SIGN_IDENTITY = "iPhone Developer";
				COPY_PHASE_STRIP = NO;
				DEBUG_INFORMATION_FORMAT = "dwarf-with-dsym";
				ENABLE_NS_ASSERTIONS = NO;
				ENABLE_STRICT_OBJC_MSGSEND = YES;
				GCC_C_LANGUAGE_STANDARD = gnu11;
				GCC_NO_COMMON_BLOCKS = YES;
				GCC_WARN_64_TO_32_BIT_CONVERSION = YES;
				GCC_WARN_ABOUT_RETURN_TYPE = YES_ERROR;
				GCC_WARN_UNDECLARED_SELECTOR = YES;
				GCC_WARN_UNINITIALIZED_AUTOS = YES_AGGRESSIVE;
				GCC_WARN_UNUSED_FUNCTION = YES;
				GCC_WARN_UNUSED_VARIABLE = YES;
				IPHONEOS_DEPLOYMENT_TARGET = 11.4;
				MTL_ENABLE_DEBUG_INFO = NO;
				SDKROOT = iphoneos;
				VALIDATE_PRODUCT = YES;
			};
			name = Release;
		};
		3714868A2156B330006437A3 /* Debug */ = {
			isa = XCBuildConfiguration;
			buildSettings = {
				ASSETCATALOG_COMPILER_APPICON_NAME = AppIcon;
				CODE_SIGN_STYLE = Automatic;
				DEVELOPMENT_TEAM = 6R9K67NH7R;
				INFOPLIST_FILE = EmbeddedApp/Info.plist;
				LD_RUNPATH_SEARCH_PATHS = (
					"$(inherited)",
					"@executable_path/Frameworks",
				);
				PRODUCT_BUNDLE_IDENTIFIER = com.warlyware.EmbeddedApp;
				PRODUCT_NAME = "$(TARGET_NAME)";
				TARGETED_DEVICE_FAMILY = "1,2";
			};
			name = Debug;
		};
		3714868B2156B330006437A3 /* Release */ = {
			isa = XCBuildConfiguration;
			buildSettings = {
				ASSETCATALOG_COMPILER_APPICON_NAME = AppIcon;
				CODE_SIGN_STYLE = Automatic;
				DEVELOPMENT_TEAM = 6R9K67NH7R;
				INFOPLIST_FILE = EmbeddedApp/Info.plist;
				LD_RUNPATH_SEARCH_PATHS = (
					"$(inherited)",
					"@executable_path/Frameworks",
				);
				PRODUCT_BUNDLE_IDENTIFIER = com.warlyware.EmbeddedApp;
				PRODUCT_NAME = "$(TARGET_NAME)";
				TARGETED_DEVICE_FAMILY = "1,2";
			};
			name = Release;
		};
		3714868D2156B330006437A3 /* Debug */ = {
			isa = XCBuildConfiguration;
			buildSettings = {
				BUNDLE_LOADER = "$(TEST_HOST)";
				CODE_SIGN_STYLE = Automatic;
				DEVELOPMENT_TEAM = 6R9K67NH7R;
				INFOPLIST_FILE = EmbeddedAppTests/Info.plist;
				LD_RUNPATH_SEARCH_PATHS = (
					"$(inherited)",
					"@executable_path/Frameworks",
					"@loader_path/Frameworks",
				);
				PRODUCT_BUNDLE_IDENTIFIER = com.warlyware.EmbeddedAppTests;
				PRODUCT_NAME = "$(TARGET_NAME)";
				TARGETED_DEVICE_FAMILY = "1,2";
				TEST_HOST = "$(BUILT_PRODUCTS_DIR)/EmbeddedApp.app/EmbeddedApp";
			};
			name = Debug;
		};
		3714868E2156B330006437A3 /* Release */ = {
			isa = XCBuildConfiguration;
			buildSettings = {
				BUNDLE_LOADER = "$(TEST_HOST)";
				CODE_SIGN_STYLE = Automatic;
				DEVELOPMENT_TEAM = 6R9K67NH7R;
				INFOPLIST_FILE = EmbeddedAppTests/Info.plist;
				LD_RUNPATH_SEARCH_PATHS = (
					"$(inherited)",
					"@executable_path/Frameworks",
					"@loader_path/Frameworks",
				);
				PRODUCT_BUNDLE_IDENTIFIER = com.warlyware.EmbeddedAppTests;
				PRODUCT_NAME = "$(TARGET_NAME)";
				TARGETED_DEVICE_FAMILY = "1,2";
				TEST_HOST = "$(BUILT_PRODUCTS_DIR)/EmbeddedApp.app/EmbeddedApp";
			};
			name = Release;
		};
		371486902156B330006437A3 /* Debug */ = {
			isa = XCBuildConfiguration;
			buildSettings = {
				CODE_SIGN_STYLE = Automatic;
				DEVELOPMENT_TEAM = 6R9K67NH7R;
				INFOPLIST_FILE = EmbeddedAppUITests/Info.plist;
				LD_RUNPATH_SEARCH_PATHS = (
					"$(inherited)",
					"@executable_path/Frameworks",
					"@loader_path/Frameworks",
				);
				PRODUCT_BUNDLE_IDENTIFIER = com.warlyware.EmbeddedAppUITests;
				PRODUCT_NAME = "$(TARGET_NAME)";
				TARGETED_DEVICE_FAMILY = "1,2";
				TEST_TARGET_NAME = EmbeddedApp;
			};
			name = Debug;
		};
		371486912156B330006437A3 /* Release */ = {
			isa = XCBuildConfiguration;
			buildSettings = {
				CODE_SIGN_STYLE = Automatic;
				DEVELOPMENT_TEAM = 6R9K67NH7R;
				INFOPLIST_FILE = EmbeddedAppUITests/Info.plist;
				LD_RUNPATH_SEARCH_PATHS = (
					"$(inherited)",
					"@executable_path/Frameworks",
					"@loader_path/Frameworks",
				);
				PRODUCT_BUNDLE_IDENTIFIER = com.warlyware.EmbeddedAppUITests;
				PRODUCT_NAME = "$(TARGET_NAME)";
				TARGETED_DEVICE_FAMILY = "1,2";
				TEST_TARGET_NAME = EmbeddedApp;
			};
			name = Release;
		};
/* End XCBuildConfiguration section */

/* Begin XCConfigurationList section */
		371486582156B32E006437A3 /* Build configuration list for PBXProject "EmbeddedApp" */ = {
			isa = XCConfigurationList;
			buildConfigurations = (
				371486872156B330006437A3 /* Debug */,
				371486882156B330006437A3 /* Release */,
			);
			defaultConfigurationIsVisible = 0;
			defaultConfigurationName = Release;
		};
		371486892156B330006437A3 /* Build configuration list for PBXNativeTarget "EmbeddedApp" */ = {
			isa = XCConfigurationList;
			buildConfigurations = (
				3714868A2156B330006437A3 /* Debug */,
				3714868B2156B330006437A3 /* Release */,
			);
			defaultConfigurationIsVisible = 0;
			defaultConfigurationName = Release;
		};
		3714868C2156B330006437A3 /* Build configuration list for PBXNativeTarget "EmbeddedAppTests" */ = {
			isa = XCConfigurationList;
			buildConfigurations = (
				3714868D2156B330006437A3 /* Debug */,
				3714868E2156B330006437A3 /* Release */,
			);
			defaultConfigurationIsVisible = 0;
			defaultConfigurationName = Release;
		};
		3714868F2156B330006437A3 /* Build configuration list for PBXNativeTarget "EmbeddedAppUITests" */ = {
			isa = XCConfigurationList;
			buildConfigurations = (
				371486902156B330006437A3 /* Debug */,
				371486912156B330006437A3 /* Release */,
			);
			defaultConfigurationIsVisible = 0;
			defaultConfigurationName = Release;
		};
/* End XCConfigurationList section */
	};
	rootObject = 371486552156B32E006437A3 /* Project object */;
}
