// !$*UTF8*$!
{
	archiveVersion = 1;
	classes = {
	};
	objectVersion = 50;
	objects = {

/* Begin PBXBuildFile section */
		376E8B502156DA42002BDE0B /* AppDelegate.m in Sources */ = {isa = PBXBuildFile; fileRef = 376E8B4F2156DA42002BDE0B /* AppDelegate.m */; };
		376E8B532156DA42002BDE0B /* ViewController.m in Sources */ = {isa = PBXBuildFile; fileRef = 376E8B522156DA42002BDE0B /* ViewController.m */; };
		376E8B562156DA42002BDE0B /* Main.storyboard in Resources */ = {isa = PBXBuildFile; fileRef = 376E8B542156DA42002BDE0B /* Main.storyboard */; };
		376E8B582156DA43002BDE0B /* Assets.xcassets in Resources */ = {isa = PBXBuildFile; fileRef = 376E8B572156DA43002BDE0B /* Assets.xcassets */; };
		376E8B5B2156DA43002BDE0B /* LaunchScreen.storyboard in Resources */ = {isa = PBXBuildFile; fileRef = 376E8B592156DA43002BDE0B /* LaunchScreen.storyboard */; };
		376E8B5E2156DA43002BDE0B /* main.m in Sources */ = {isa = PBXBuildFile; fileRef = 376E8B5D2156DA43002BDE0B /* main.m */; };
		376E8B682156DA43002BDE0B /* EmbeddedAppTests.m in Sources */ = {isa = PBXBuildFile; fileRef = 376E8B672156DA43002BDE0B /* EmbeddedAppTests.m */; };
		376E8B732156DA44002BDE0B /* EmbeddedAppUITests.m in Sources */ = {isa = PBXBuildFile; fileRef = 376E8B722156DA44002BDE0B /* EmbeddedAppUITests.m */; };
		3770A4C02156DD82000A91A5 /* EmbeddedViewController.m in Sources */ = {isa = PBXBuildFile; fileRef = 3770A4BF2156DD82000A91A5 /* EmbeddedViewController.m */; };
		747F0668AD456B0402CF519D /* libPods-EmbeddedApp.a in Frameworks */ = {isa = PBXBuildFile; fileRef = 9E7FF29681CD97EB12DFB188 /* libPods-EmbeddedApp.a */; };
		91C560E38BB01AE86FAD21A2 /* libPods-EmbeddedAppUITests.a in Frameworks */ = {isa = PBXBuildFile; fileRef = 427FB8498FB74AD0B5D5C197 /* libPods-EmbeddedAppUITests.a */; };
		9F20F5628ED4FBBFCAE9F33F /* libPods-EmbeddedAppTests.a in Frameworks */ = {isa = PBXBuildFile; fileRef = 37150496FE239B59EB31808C /* libPods-EmbeddedAppTests.a */; };
/* End PBXBuildFile section */

/* Begin PBXContainerItemProxy section */
		376E8B642156DA43002BDE0B /* PBXContainerItemProxy */ = {
			isa = PBXContainerItemProxy;
			containerPortal = 376E8B432156DA42002BDE0B /* Project object */;
			proxyType = 1;
			remoteGlobalIDString = 376E8B4A2156DA42002BDE0B;
			remoteInfo = EmbeddedApp;
		};
		376E8B6F2156DA44002BDE0B /* PBXContainerItemProxy */ = {
			isa = PBXContainerItemProxy;
			containerPortal = 376E8B432156DA42002BDE0B /* Project object */;
			proxyType = 1;
			remoteGlobalIDString = 376E8B4A2156DA42002BDE0B;
			remoteInfo = EmbeddedApp;
		};
/* End PBXContainerItemProxy section */

/* Begin PBXFileReference section */
		2216EE388D271185A340D53D /* Pods-EmbeddedAppTests.release.xcconfig */ = {isa = PBXFileReference; includeInIndex = 1; lastKnownFileType = text.xcconfig; name = "Pods-EmbeddedAppTests.release.xcconfig"; path = "Pods/Target Support Files/Pods-EmbeddedAppTests/Pods-EmbeddedAppTests.release.xcconfig"; sourceTree = "<group>"; };
		249F93DE8C172425C26E262F /* Pods-EmbeddedApp.debug.xcconfig */ = {isa = PBXFileReference; includeInIndex = 1; lastKnownFileType = text.xcconfig; name = "Pods-EmbeddedApp.debug.xcconfig"; path = "Pods/Target Support Files/Pods-EmbeddedApp/Pods-EmbeddedApp.debug.xcconfig"; sourceTree = "<group>"; };
		37150496FE239B59EB31808C /* libPods-EmbeddedAppTests.a */ = {isa = PBXFileReference; explicitFileType = archive.ar; includeInIndex = 0; path = "libPods-EmbeddedAppTests.a"; sourceTree = BUILT_PRODUCTS_DIR; };
		376E8B4B2156DA42002BDE0B /* EmbeddedApp.app */ = {isa = PBXFileReference; explicitFileType = wrapper.application; includeInIndex = 0; path = EmbeddedApp.app; sourceTree = BUILT_PRODUCTS_DIR; };
		376E8B4E2156DA42002BDE0B /* AppDelegate.h */ = {isa = PBXFileReference; lastKnownFileType = sourcecode.c.h; path = AppDelegate.h; sourceTree = "<group>"; };
		376E8B4F2156DA42002BDE0B /* AppDelegate.m */ = {isa = PBXFileReference; lastKnownFileType = sourcecode.c.objc; path = AppDelegate.m; sourceTree = "<group>"; };
		376E8B512156DA42002BDE0B /* ViewController.h */ = {isa = PBXFileReference; lastKnownFileType = sourcecode.c.h; path = ViewController.h; sourceTree = "<group>"; };
		376E8B522156DA42002BDE0B /* ViewController.m */ = {isa = PBXFileReference; lastKnownFileType = sourcecode.c.objc; path = ViewController.m; sourceTree = "<group>"; };
		376E8B552156DA42002BDE0B /* Base */ = {isa = PBXFileReference; lastKnownFileType = file.storyboard; name = Base; path = Base.lproj/Main.storyboard; sourceTree = "<group>"; };
		376E8B572156DA43002BDE0B /* Assets.xcassets */ = {isa = PBXFileReference; lastKnownFileType = folder.assetcatalog; path = Assets.xcassets; sourceTree = "<group>"; };
		376E8B5A2156DA43002BDE0B /* Base */ = {isa = PBXFileReference; lastKnownFileType = file.storyboard; name = Base; path = Base.lproj/LaunchScreen.storyboard; sourceTree = "<group>"; };
		376E8B5C2156DA43002BDE0B /* Info.plist */ = {isa = PBXFileReference; lastKnownFileType = text.plist.xml; path = Info.plist; sourceTree = "<group>"; };
		376E8B5D2156DA43002BDE0B /* main.m */ = {isa = PBXFileReference; lastKnownFileType = sourcecode.c.objc; path = main.m; sourceTree = "<group>"; };
		376E8B632156DA43002BDE0B /* EmbeddedAppTests.xctest */ = {isa = PBXFileReference; explicitFileType = wrapper.cfbundle; includeInIndex = 0; path = EmbeddedAppTests.xctest; sourceTree = BUILT_PRODUCTS_DIR; };
		376E8B672156DA43002BDE0B /* EmbeddedAppTests.m */ = {isa = PBXFileReference; lastKnownFileType = sourcecode.c.objc; path = EmbeddedAppTests.m; sourceTree = "<group>"; };
		376E8B692156DA43002BDE0B /* Info.plist */ = {isa = PBXFileReference; lastKnownFileType = text.plist.xml; path = Info.plist; sourceTree = "<group>"; };
		376E8B6E2156DA44002BDE0B /* EmbeddedAppUITests.xctest */ = {isa = PBXFileReference; explicitFileType = wrapper.cfbundle; includeInIndex = 0; path = EmbeddedAppUITests.xctest; sourceTree = BUILT_PRODUCTS_DIR; };
		376E8B722156DA44002BDE0B /* EmbeddedAppUITests.m */ = {isa = PBXFileReference; lastKnownFileType = sourcecode.c.objc; path = EmbeddedAppUITests.m; sourceTree = "<group>"; };
		376E8B742156DA44002BDE0B /* Info.plist */ = {isa = PBXFileReference; lastKnownFileType = text.plist.xml; path = Info.plist; sourceTree = "<group>"; };
		3770A4BE2156DD82000A91A5 /* EmbeddedViewController.h */ = {isa = PBXFileReference; lastKnownFileType = sourcecode.c.h; path = EmbeddedViewController.h; sourceTree = "<group>"; };
		3770A4BF2156DD82000A91A5 /* EmbeddedViewController.m */ = {isa = PBXFileReference; lastKnownFileType = sourcecode.c.objc; path = EmbeddedViewController.m; sourceTree = "<group>"; };
		427FB8498FB74AD0B5D5C197 /* libPods-EmbeddedAppUITests.a */ = {isa = PBXFileReference; explicitFileType = archive.ar; includeInIndex = 0; path = "libPods-EmbeddedAppUITests.a"; sourceTree = BUILT_PRODUCTS_DIR; };
		9BB0B4726298B886FF658866 /* Pods-EmbeddedAppUITests.debug.xcconfig */ = {isa = PBXFileReference; includeInIndex = 1; lastKnownFileType = text.xcconfig; name = "Pods-EmbeddedAppUITests.debug.xcconfig"; path = "Pods/Target Support Files/Pods-EmbeddedAppUITests/Pods-EmbeddedAppUITests.debug.xcconfig"; sourceTree = "<group>"; };
		9E7FF29681CD97EB12DFB188 /* libPods-EmbeddedApp.a */ = {isa = PBXFileReference; explicitFileType = archive.ar; includeInIndex = 0; path = "libPods-EmbeddedApp.a"; sourceTree = BUILT_PRODUCTS_DIR; };
		B486B451ACF8AE6EE0E949E0 /* Pods-EmbeddedApp.release.xcconfig */ = {isa = PBXFileReference; includeInIndex = 1; lastKnownFileType = text.xcconfig; name = "Pods-EmbeddedApp.release.xcconfig"; path = "Pods/Target Support Files/Pods-EmbeddedApp/Pods-EmbeddedApp.release.xcconfig"; sourceTree = "<group>"; };
		B8B70FC87BD5FEF3400C7495 /* Pods-EmbeddedAppTests.debug.xcconfig */ = {isa = PBXFileReference; includeInIndex = 1; lastKnownFileType = text.xcconfig; name = "Pods-EmbeddedAppTests.debug.xcconfig"; path = "Pods/Target Support Files/Pods-EmbeddedAppTests/Pods-EmbeddedAppTests.debug.xcconfig"; sourceTree = "<group>"; };
		C21D5A1D547EBCCD37A5AF1B /* Pods-EmbeddedAppUITests.release.xcconfig */ = {isa = PBXFileReference; includeInIndex = 1; lastKnownFileType = text.xcconfig; name = "Pods-EmbeddedAppUITests.release.xcconfig"; path = "Pods/Target Support Files/Pods-EmbeddedAppUITests/Pods-EmbeddedAppUITests.release.xcconfig"; sourceTree = "<group>"; };
/* End PBXFileReference section */

/* Begin PBXFrameworksBuildPhase section */
		376E8B482156DA42002BDE0B /* Frameworks */ = {
			isa = PBXFrameworksBuildPhase;
			buildActionMask = 2147483647;
			files = (
				747F0668AD456B0402CF519D /* libPods-EmbeddedApp.a in Frameworks */,
			);
			runOnlyForDeploymentPostprocessing = 0;
		};
		376E8B602156DA43002BDE0B /* Frameworks */ = {
			isa = PBXFrameworksBuildPhase;
			buildActionMask = 2147483647;
			files = (
				9F20F5628ED4FBBFCAE9F33F /* libPods-EmbeddedAppTests.a in Frameworks */,
			);
			runOnlyForDeploymentPostprocessing = 0;
		};
		376E8B6B2156DA44002BDE0B /* Frameworks */ = {
			isa = PBXFrameworksBuildPhase;
			buildActionMask = 2147483647;
			files = (
				91C560E38BB01AE86FAD21A2 /* libPods-EmbeddedAppUITests.a in Frameworks */,
			);
			runOnlyForDeploymentPostprocessing = 0;
		};
/* End PBXFrameworksBuildPhase section */

/* Begin PBXGroup section */
		376E8B422156DA42002BDE0B = {
			isa = PBXGroup;
			children = (
				376E8B4D2156DA42002BDE0B /* EmbeddedApp */,
				376E8B662156DA43002BDE0B /* EmbeddedAppTests */,
				376E8B712156DA44002BDE0B /* EmbeddedAppUITests */,
				376E8B4C2156DA42002BDE0B /* Products */,
				830A9312891004E0B4010009 /* Pods */,
				588CEFEABAC69180F2D003D9 /* Frameworks */,
			);
			sourceTree = "<group>";
		};
		376E8B4C2156DA42002BDE0B /* Products */ = {
			isa = PBXGroup;
			children = (
				376E8B4B2156DA42002BDE0B /* EmbeddedApp.app */,
				376E8B632156DA43002BDE0B /* EmbeddedAppTests.xctest */,
				376E8B6E2156DA44002BDE0B /* EmbeddedAppUITests.xctest */,
			);
			name = Products;
			sourceTree = "<group>";
		};
		376E8B4D2156DA42002BDE0B /* EmbeddedApp */ = {
			isa = PBXGroup;
			children = (
				376E8B4E2156DA42002BDE0B /* AppDelegate.h */,
				376E8B4F2156DA42002BDE0B /* AppDelegate.m */,
				376E8B512156DA42002BDE0B /* ViewController.h */,
				376E8B522156DA42002BDE0B /* ViewController.m */,
				376E8B542156DA42002BDE0B /* Main.storyboard */,
				3770A4BE2156DD82000A91A5 /* EmbeddedViewController.h */,
				3770A4BF2156DD82000A91A5 /* EmbeddedViewController.m */,
				376E8B572156DA43002BDE0B /* Assets.xcassets */,
				376E8B592156DA43002BDE0B /* LaunchScreen.storyboard */,
				376E8B5C2156DA43002BDE0B /* Info.plist */,
				376E8B5D2156DA43002BDE0B /* main.m */,
			);
			path = EmbeddedApp;
			sourceTree = "<group>";
		};
		376E8B662156DA43002BDE0B /* EmbeddedAppTests */ = {
			isa = PBXGroup;
			children = (
				376E8B672156DA43002BDE0B /* EmbeddedAppTests.m */,
				376E8B692156DA43002BDE0B /* Info.plist */,
			);
			path = EmbeddedAppTests;
			sourceTree = "<group>";
		};
		376E8B712156DA44002BDE0B /* EmbeddedAppUITests */ = {
			isa = PBXGroup;
			children = (
				376E8B722156DA44002BDE0B /* EmbeddedAppUITests.m */,
				376E8B742156DA44002BDE0B /* Info.plist */,
			);
			path = EmbeddedAppUITests;
			sourceTree = "<group>";
		};
		588CEFEABAC69180F2D003D9 /* Frameworks */ = {
			isa = PBXGroup;
			children = (
				9E7FF29681CD97EB12DFB188 /* libPods-EmbeddedApp.a */,
				37150496FE239B59EB31808C /* libPods-EmbeddedAppTests.a */,
				427FB8498FB74AD0B5D5C197 /* libPods-EmbeddedAppUITests.a */,
			);
			name = Frameworks;
			sourceTree = "<group>";
		};
		830A9312891004E0B4010009 /* Pods */ = {
			isa = PBXGroup;
			children = (
				249F93DE8C172425C26E262F /* Pods-EmbeddedApp.debug.xcconfig */,
				B486B451ACF8AE6EE0E949E0 /* Pods-EmbeddedApp.release.xcconfig */,
				B8B70FC87BD5FEF3400C7495 /* Pods-EmbeddedAppTests.debug.xcconfig */,
				2216EE388D271185A340D53D /* Pods-EmbeddedAppTests.release.xcconfig */,
				9BB0B4726298B886FF658866 /* Pods-EmbeddedAppUITests.debug.xcconfig */,
				C21D5A1D547EBCCD37A5AF1B /* Pods-EmbeddedAppUITests.release.xcconfig */,
			);
			name = Pods;
			sourceTree = "<group>";
		};
/* End PBXGroup section */

/* Begin PBXNativeTarget section */
		376E8B4A2156DA42002BDE0B /* EmbeddedApp */ = {
			isa = PBXNativeTarget;
			buildConfigurationList = 376E8B772156DA44002BDE0B /* Build configuration list for PBXNativeTarget "EmbeddedApp" */;
			buildPhases = (
				5D1AB9AB6EDBAC96FFEE7B3D /* [CP] Check Pods Manifest.lock */,
				376E8B472156DA42002BDE0B /* Sources */,
				376E8B482156DA42002BDE0B /* Frameworks */,
				376E8B492156DA42002BDE0B /* Resources */,
			);
			buildRules = (
			);
			dependencies = (
			);
			name = EmbeddedApp;
			productName = EmbeddedApp;
			productReference = 376E8B4B2156DA42002BDE0B /* EmbeddedApp.app */;
			productType = "com.apple.product-type.application";
		};
		376E8B622156DA43002BDE0B /* EmbeddedAppTests */ = {
			isa = PBXNativeTarget;
			buildConfigurationList = 376E8B7A2156DA44002BDE0B /* Build configuration list for PBXNativeTarget "EmbeddedAppTests" */;
			buildPhases = (
				F7162EC307AC751D2B3978ED /* [CP] Check Pods Manifest.lock */,
				376E8B5F2156DA43002BDE0B /* Sources */,
				376E8B602156DA43002BDE0B /* Frameworks */,
				376E8B612156DA43002BDE0B /* Resources */,
			);
			buildRules = (
			);
			dependencies = (
				376E8B652156DA43002BDE0B /* PBXTargetDependency */,
			);
			name = EmbeddedAppTests;
			productName = EmbeddedAppTests;
			productReference = 376E8B632156DA43002BDE0B /* EmbeddedAppTests.xctest */;
			productType = "com.apple.product-type.bundle.unit-test";
		};
		376E8B6D2156DA44002BDE0B /* EmbeddedAppUITests */ = {
			isa = PBXNativeTarget;
			buildConfigurationList = 376E8B7D2156DA44002BDE0B /* Build configuration list for PBXNativeTarget "EmbeddedAppUITests" */;
			buildPhases = (
				2B6FF106ACCE41CDCDE4383C /* [CP] Check Pods Manifest.lock */,
				376E8B6A2156DA44002BDE0B /* Sources */,
				376E8B6B2156DA44002BDE0B /* Frameworks */,
				376E8B6C2156DA44002BDE0B /* Resources */,
			);
			buildRules = (
			);
			dependencies = (
				376E8B702156DA44002BDE0B /* PBXTargetDependency */,
			);
			name = EmbeddedAppUITests;
			productName = EmbeddedAppUITests;
			productReference = 376E8B6E2156DA44002BDE0B /* EmbeddedAppUITests.xctest */;
			productType = "com.apple.product-type.bundle.ui-testing";
		};
/* End PBXNativeTarget section */

/* Begin PBXProject section */
		376E8B432156DA42002BDE0B /* Project object */ = {
			isa = PBXProject;
			attributes = {
				LastUpgradeCheck = 1000;
				ORGANIZATIONNAME = "Daniel Ward";
				TargetAttributes = {
					376E8B4A2156DA42002BDE0B = {
						CreatedOnToolsVersion = 10.0;
					};
					376E8B622156DA43002BDE0B = {
						CreatedOnToolsVersion = 10.0;
						TestTargetID = 376E8B4A2156DA42002BDE0B;
					};
					376E8B6D2156DA44002BDE0B = {
						CreatedOnToolsVersion = 10.0;
						TestTargetID = 376E8B4A2156DA42002BDE0B;
					};
				};
			};
			buildConfigurationList = 376E8B462156DA42002BDE0B /* Build configuration list for PBXProject "EmbeddedApp" */;
			compatibilityVersion = "Xcode 9.3";
			developmentRegion = en;
			hasScannedForEncodings = 0;
			knownRegions = (
				en,
				Base,
			);
			mainGroup = 376E8B422156DA42002BDE0B;
			productRefGroup = 376E8B4C2156DA42002BDE0B /* Products */;
			projectDirPath = "";
			projectRoot = "";
			targets = (
				376E8B4A2156DA42002BDE0B /* EmbeddedApp */,
				376E8B622156DA43002BDE0B /* EmbeddedAppTests */,
				376E8B6D2156DA44002BDE0B /* EmbeddedAppUITests */,
			);
		};
/* End PBXProject section */

/* Begin PBXResourcesBuildPhase section */
		376E8B492156DA42002BDE0B /* Resources */ = {
			isa = PBXResourcesBuildPhase;
			buildActionMask = 2147483647;
			files = (
				376E8B5B2156DA43002BDE0B /* LaunchScreen.storyboard in Resources */,
				376E8B582156DA43002BDE0B /* Assets.xcassets in Resources */,
				376E8B562156DA42002BDE0B /* Main.storyboard in Resources */,
			);
			runOnlyForDeploymentPostprocessing = 0;
		};
		376E8B612156DA43002BDE0B /* Resources */ = {
			isa = PBXResourcesBuildPhase;
			buildActionMask = 2147483647;
			files = (
			);
			runOnlyForDeploymentPostprocessing = 0;
		};
		376E8B6C2156DA44002BDE0B /* Resources */ = {
			isa = PBXResourcesBuildPhase;
			buildActionMask = 2147483647;
			files = (
			);
			runOnlyForDeploymentPostprocessing = 0;
		};
/* End PBXResourcesBuildPhase section */

/* Begin PBXShellScriptBuildPhase section */
		2B6FF106ACCE41CDCDE4383C /* [CP] Check Pods Manifest.lock */ = {
			isa = PBXShellScriptBuildPhase;
			buildActionMask = 2147483647;
			files = (
			);
			inputPaths = (
				"${PODS_PODFILE_DIR_PATH}/Podfile.lock",
				"${PODS_ROOT}/Manifest.lock",
			);
			name = "[CP] Check Pods Manifest.lock";
			outputPaths = (
				"$(DERIVED_FILE_DIR)/Pods-EmbeddedAppUITests-checkManifestLockResult.txt",
			);
			runOnlyForDeploymentPostprocessing = 0;
			shellPath = /bin/sh;
			shellScript = "diff \"${PODS_PODFILE_DIR_PATH}/Podfile.lock\" \"${PODS_ROOT}/Manifest.lock\" > /dev/null\nif [ $? != 0 ] ; then\n    # print error to STDERR\n    echo \"error: The sandbox is not in sync with the Podfile.lock. Run 'pod install' or update your CocoaPods installation.\" >&2\n    exit 1\nfi\n# This output is used by Xcode 'outputs' to avoid re-running this script phase.\necho \"SUCCESS\" > \"${SCRIPT_OUTPUT_FILE_0}\"\n";
			showEnvVarsInLog = 0;
		};
		5D1AB9AB6EDBAC96FFEE7B3D /* [CP] Check Pods Manifest.lock */ = {
			isa = PBXShellScriptBuildPhase;
			buildActionMask = 2147483647;
			files = (
			);
			inputPaths = (
				"${PODS_PODFILE_DIR_PATH}/Podfile.lock",
				"${PODS_ROOT}/Manifest.lock",
			);
			name = "[CP] Check Pods Manifest.lock";
			outputPaths = (
				"$(DERIVED_FILE_DIR)/Pods-EmbeddedApp-checkManifestLockResult.txt",
			);
			runOnlyForDeploymentPostprocessing = 0;
			shellPath = /bin/sh;
			shellScript = "diff \"${PODS_PODFILE_DIR_PATH}/Podfile.lock\" \"${PODS_ROOT}/Manifest.lock\" > /dev/null\nif [ $? != 0 ] ; then\n    # print error to STDERR\n    echo \"error: The sandbox is not in sync with the Podfile.lock. Run 'pod install' or update your CocoaPods installation.\" >&2\n    exit 1\nfi\n# This output is used by Xcode 'outputs' to avoid re-running this script phase.\necho \"SUCCESS\" > \"${SCRIPT_OUTPUT_FILE_0}\"\n";
			showEnvVarsInLog = 0;
		};
		F7162EC307AC751D2B3978ED /* [CP] Check Pods Manifest.lock */ = {
			isa = PBXShellScriptBuildPhase;
			buildActionMask = 2147483647;
			files = (
			);
			inputPaths = (
				"${PODS_PODFILE_DIR_PATH}/Podfile.lock",
				"${PODS_ROOT}/Manifest.lock",
			);
			name = "[CP] Check Pods Manifest.lock";
			outputPaths = (
				"$(DERIVED_FILE_DIR)/Pods-EmbeddedAppTests-checkManifestLockResult.txt",
			);
			runOnlyForDeploymentPostprocessing = 0;
			shellPath = /bin/sh;
			shellScript = "diff \"${PODS_PODFILE_DIR_PATH}/Podfile.lock\" \"${PODS_ROOT}/Manifest.lock\" > /dev/null\nif [ $? != 0 ] ; then\n    # print error to STDERR\n    echo \"error: The sandbox is not in sync with the Podfile.lock. Run 'pod install' or update your CocoaPods installation.\" >&2\n    exit 1\nfi\n# This output is used by Xcode 'outputs' to avoid re-running this script phase.\necho \"SUCCESS\" > \"${SCRIPT_OUTPUT_FILE_0}\"\n";
			showEnvVarsInLog = 0;
		};
/* End PBXShellScriptBuildPhase section */

/* Begin PBXSourcesBuildPhase section */
		376E8B472156DA42002BDE0B /* Sources */ = {
			isa = PBXSourcesBuildPhase;
			buildActionMask = 2147483647;
			files = (
				3770A4C02156DD82000A91A5 /* EmbeddedViewController.m in Sources */,
				376E8B532156DA42002BDE0B /* ViewController.m in Sources */,
				376E8B5E2156DA43002BDE0B /* main.m in Sources */,
				376E8B502156DA42002BDE0B /* AppDelegate.m in Sources */,
			);
			runOnlyForDeploymentPostprocessing = 0;
		};
		376E8B5F2156DA43002BDE0B /* Sources */ = {
			isa = PBXSourcesBuildPhase;
			buildActionMask = 2147483647;
			files = (
				376E8B682156DA43002BDE0B /* EmbeddedAppTests.m in Sources */,
			);
			runOnlyForDeploymentPostprocessing = 0;
		};
		376E8B6A2156DA44002BDE0B /* Sources */ = {
			isa = PBXSourcesBuildPhase;
			buildActionMask = 2147483647;
			files = (
				376E8B732156DA44002BDE0B /* EmbeddedAppUITests.m in Sources */,
			);
			runOnlyForDeploymentPostprocessing = 0;
		};
/* End PBXSourcesBuildPhase section */

/* Begin PBXTargetDependency section */
		376E8B652156DA43002BDE0B /* PBXTargetDependency */ = {
			isa = PBXTargetDependency;
			target = 376E8B4A2156DA42002BDE0B /* EmbeddedApp */;
			targetProxy = 376E8B642156DA43002BDE0B /* PBXContainerItemProxy */;
		};
		376E8B702156DA44002BDE0B /* PBXTargetDependency */ = {
			isa = PBXTargetDependency;
			target = 376E8B4A2156DA42002BDE0B /* EmbeddedApp */;
			targetProxy = 376E8B6F2156DA44002BDE0B /* PBXContainerItemProxy */;
		};
/* End PBXTargetDependency section */

/* Begin PBXVariantGroup section */
		376E8B542156DA42002BDE0B /* Main.storyboard */ = {
			isa = PBXVariantGroup;
			children = (
				376E8B552156DA42002BDE0B /* Base */,
			);
			name = Main.storyboard;
			sourceTree = "<group>";
		};
		376E8B592156DA43002BDE0B /* LaunchScreen.storyboard */ = {
			isa = PBXVariantGroup;
			children = (
				376E8B5A2156DA43002BDE0B /* Base */,
			);
			name = LaunchScreen.storyboard;
			sourceTree = "<group>";
		};
/* End PBXVariantGroup section */

/* Begin XCBuildConfiguration section */
		376E8B752156DA44002BDE0B /* Debug */ = {
			isa = XCBuildConfiguration;
			buildSettings = {
				ALWAYS_SEARCH_USER_PATHS = NO;
				CLANG_ANALYZER_NONNULL = YES;
				CLANG_ANALYZER_NUMBER_OBJECT_CONVERSION = YES_AGGRESSIVE;
				CLANG_CXX_LANGUAGE_STANDARD = "gnu++14";
				CLANG_CXX_LIBRARY = "libc++";
				CLANG_ENABLE_MODULES = YES;
				CLANG_ENABLE_OBJC_ARC = YES;
				CLANG_ENABLE_OBJC_WEAK = YES;
				CLANG_WARN_BLOCK_CAPTURE_AUTORELEASING = YES;
				CLANG_WARN_BOOL_CONVERSION = YES;
				CLANG_WARN_COMMA = YES;
				CLANG_WARN_CONSTANT_CONVERSION = YES;
				CLANG_WARN_DEPRECATED_OBJC_IMPLEMENTATIONS = YES;
				CLANG_WARN_DIRECT_OBJC_ISA_USAGE = YES_ERROR;
				CLANG_WARN_DOCUMENTATION_COMMENTS = YES;
				CLANG_WARN_EMPTY_BODY = YES;
				CLANG_WARN_ENUM_CONVERSION = YES;
				CLANG_WARN_INFINITE_RECURSION = YES;
				CLANG_WARN_INT_CONVERSION = YES;
				CLANG_WARN_NON_LITERAL_NULL_CONVERSION = YES;
				CLANG_WARN_OBJC_IMPLICIT_RETAIN_SELF = YES;
				CLANG_WARN_OBJC_LITERAL_CONVERSION = YES;
				CLANG_WARN_OBJC_ROOT_CLASS = YES_ERROR;
				CLANG_WARN_RANGE_LOOP_ANALYSIS = YES;
				CLANG_WARN_STRICT_PROTOTYPES = YES;
				CLANG_WARN_SUSPICIOUS_MOVE = YES;
				CLANG_WARN_UNGUARDED_AVAILABILITY = YES_AGGRESSIVE;
				CLANG_WARN_UNREACHABLE_CODE = YES;
				CLANG_WARN__DUPLICATE_METHOD_MATCH = YES;
				CODE_SIGN_IDENTITY = "iPhone Developer";
				COPY_PHASE_STRIP = NO;
				DEBUG_INFORMATION_FORMAT = dwarf;
				ENABLE_STRICT_OBJC_MSGSEND = YES;
				ENABLE_TESTABILITY = YES;
				GCC_C_LANGUAGE_STANDARD = gnu11;
				GCC_DYNAMIC_NO_PIC = NO;
				GCC_NO_COMMON_BLOCKS = YES;
				GCC_OPTIMIZATION_LEVEL = 0;
				GCC_PREPROCESSOR_DEFINITIONS = (
					"DEBUG=1",
					"$(inherited)",
				);
				GCC_WARN_64_TO_32_BIT_CONVERSION = YES;
				GCC_WARN_ABOUT_RETURN_TYPE = YES_ERROR;
				GCC_WARN_UNDECLARED_SELECTOR = YES;
				GCC_WARN_UNINITIALIZED_AUTOS = YES_AGGRESSIVE;
				GCC_WARN_UNUSED_FUNCTION = YES;
				GCC_WARN_UNUSED_VARIABLE = YES;
				IPHONEOS_DEPLOYMENT_TARGET = 12.0;
				MTL_ENABLE_DEBUG_INFO = INCLUDE_SOURCE;
				MTL_FAST_MATH = YES;
				ONLY_ACTIVE_ARCH = YES;
				SDKROOT = iphoneos;
			};
			name = Debug;
		};
		376E8B762156DA44002BDE0B /* Release */ = {
			isa = XCBuildConfiguration;
			buildSettings = {
				ALWAYS_SEARCH_USER_PATHS = NO;
				CLANG_ANALYZER_NONNULL = YES;
				CLANG_ANALYZER_NUMBER_OBJECT_CONVERSION = YES_AGGRESSIVE;
				CLANG_CXX_LANGUAGE_STANDARD = "gnu++14";
				CLANG_CXX_LIBRARY = "libc++";
				CLANG_ENABLE_MODULES = YES;
				CLANG_ENABLE_OBJC_ARC = YES;
				CLANG_ENABLE_OBJC_WEAK = YES;
				CLANG_WARN_BLOCK_CAPTURE_AUTORELEASING = YES;
				CLANG_WARN_BOOL_CONVERSION = YES;
				CLANG_WARN_COMMA = YES;
				CLANG_WARN_CONSTANT_CONVERSION = YES;
				CLANG_WARN_DEPRECATED_OBJC_IMPLEMENTATIONS = YES;
				CLANG_WARN_DIRECT_OBJC_ISA_USAGE = YES_ERROR;
				CLANG_WARN_DOCUMENTATION_COMMENTS = YES;
				CLANG_WARN_EMPTY_BODY = YES;
				CLANG_WARN_ENUM_CONVERSION = YES;
				CLANG_WARN_INFINITE_RECURSION = YES;
				CLANG_WARN_INT_CONVERSION = YES;
				CLANG_WARN_NON_LITERAL_NULL_CONVERSION = YES;
				CLANG_WARN_OBJC_IMPLICIT_RETAIN_SELF = YES;
				CLANG_WARN_OBJC_LITERAL_CONVERSION = YES;
				CLANG_WARN_OBJC_ROOT_CLASS = YES_ERROR;
				CLANG_WARN_RANGE_LOOP_ANALYSIS = YES;
				CLANG_WARN_STRICT_PROTOTYPES = YES;
				CLANG_WARN_SUSPICIOUS_MOVE = YES;
				CLANG_WARN_UNGUARDED_AVAILABILITY = YES_AGGRESSIVE;
				CLANG_WARN_UNREACHABLE_CODE = YES;
				CLANG_WARN__DUPLICATE_METHOD_MATCH = YES;
				CODE_SIGN_IDENTITY = "iPhone Developer";
				COPY_PHASE_STRIP = NO;
				DEBUG_INFORMATION_FORMAT = "dwarf-with-dsym";
				ENABLE_NS_ASSERTIONS = NO;
				ENABLE_STRICT_OBJC_MSGSEND = YES;
				GCC_C_LANGUAGE_STANDARD = gnu11;
				GCC_NO_COMMON_BLOCKS = YES;
				GCC_WARN_64_TO_32_BIT_CONVERSION = YES;
				GCC_WARN_ABOUT_RETURN_TYPE = YES_ERROR;
				GCC_WARN_UNDECLARED_SELECTOR = YES;
				GCC_WARN_UNINITIALIZED_AUTOS = YES_AGGRESSIVE;
				GCC_WARN_UNUSED_FUNCTION = YES;
				GCC_WARN_UNUSED_VARIABLE = YES;
				IPHONEOS_DEPLOYMENT_TARGET = 12.0;
				MTL_ENABLE_DEBUG_INFO = NO;
				MTL_FAST_MATH = YES;
				SDKROOT = iphoneos;
				VALIDATE_PRODUCT = YES;
			};
			name = Release;
		};
		376E8B782156DA44002BDE0B /* Debug */ = {
			isa = XCBuildConfiguration;
			baseConfigurationReference = 249F93DE8C172425C26E262F /* Pods-EmbeddedApp.debug.xcconfig */;
			buildSettings = {
				ASSETCATALOG_COMPILER_APPICON_NAME = AppIcon;
				CODE_SIGN_STYLE = Automatic;
				DEVELOPMENT_TEAM = 6R9K67NH7R;
				INFOPLIST_FILE = EmbeddedApp/Info.plist;
				LD_RUNPATH_SEARCH_PATHS = (
					"$(inherited)",
					"@executable_path/Frameworks",
				);
				PRODUCT_BUNDLE_IDENTIFIER = com.warlyware.EmbeddedApp;
				PRODUCT_NAME = "$(TARGET_NAME)";
				TARGETED_DEVICE_FAMILY = "1,2";
			};
			name = Debug;
		};
		376E8B792156DA44002BDE0B /* Release */ = {
			isa = XCBuildConfiguration;
			baseConfigurationReference = B486B451ACF8AE6EE0E949E0 /* Pods-EmbeddedApp.release.xcconfig */;
			buildSettings = {
				ASSETCATALOG_COMPILER_APPICON_NAME = AppIcon;
				CODE_SIGN_STYLE = Automatic;
				DEVELOPMENT_TEAM = 6R9K67NH7R;
				INFOPLIST_FILE = EmbeddedApp/Info.plist;
				LD_RUNPATH_SEARCH_PATHS = (
					"$(inherited)",
					"@executable_path/Frameworks",
				);
				PRODUCT_BUNDLE_IDENTIFIER = com.warlyware.EmbeddedApp;
				PRODUCT_NAME = "$(TARGET_NAME)";
				TARGETED_DEVICE_FAMILY = "1,2";
			};
			name = Release;
		};
		376E8B7B2156DA44002BDE0B /* Debug */ = {
			isa = XCBuildConfiguration;
			baseConfigurationReference = B8B70FC87BD5FEF3400C7495 /* Pods-EmbeddedAppTests.debug.xcconfig */;
			buildSettings = {
				BUNDLE_LOADER = "$(TEST_HOST)";
				CODE_SIGN_STYLE = Automatic;
				DEVELOPMENT_TEAM = 6R9K67NH7R;
				INFOPLIST_FILE = EmbeddedAppTests/Info.plist;
				LD_RUNPATH_SEARCH_PATHS = (
					"$(inherited)",
					"@executable_path/Frameworks",
					"@loader_path/Frameworks",
				);
				PRODUCT_BUNDLE_IDENTIFIER = com.warlyware.EmbeddedAppTests;
				PRODUCT_NAME = "$(TARGET_NAME)";
				TARGETED_DEVICE_FAMILY = "1,2";
				TEST_HOST = "$(BUILT_PRODUCTS_DIR)/EmbeddedApp.app/EmbeddedApp";
			};
			name = Debug;
		};
		376E8B7C2156DA44002BDE0B /* Release */ = {
			isa = XCBuildConfiguration;
			baseConfigurationReference = 2216EE388D271185A340D53D /* Pods-EmbeddedAppTests.release.xcconfig */;
			buildSettings = {
				BUNDLE_LOADER = "$(TEST_HOST)";
				CODE_SIGN_STYLE = Automatic;
				DEVELOPMENT_TEAM = 6R9K67NH7R;
				INFOPLIST_FILE = EmbeddedAppTests/Info.plist;
				LD_RUNPATH_SEARCH_PATHS = (
					"$(inherited)",
					"@executable_path/Frameworks",
					"@loader_path/Frameworks",
				);
				PRODUCT_BUNDLE_IDENTIFIER = com.warlyware.EmbeddedAppTests;
				PRODUCT_NAME = "$(TARGET_NAME)";
				TARGETED_DEVICE_FAMILY = "1,2";
				TEST_HOST = "$(BUILT_PRODUCTS_DIR)/EmbeddedApp.app/EmbeddedApp";
			};
			name = Release;
		};
		376E8B7E2156DA44002BDE0B /* Debug */ = {
			isa = XCBuildConfiguration;
			baseConfigurationReference = 9BB0B4726298B886FF658866 /* Pods-EmbeddedAppUITests.debug.xcconfig */;
			buildSettings = {
				CODE_SIGN_STYLE = Automatic;
				DEVELOPMENT_TEAM = 6R9K67NH7R;
				INFOPLIST_FILE = EmbeddedAppUITests/Info.plist;
				LD_RUNPATH_SEARCH_PATHS = (
					"$(inherited)",
					"@executable_path/Frameworks",
					"@loader_path/Frameworks",
				);
				PRODUCT_BUNDLE_IDENTIFIER = com.warlyware.EmbeddedAppUITests;
				PRODUCT_NAME = "$(TARGET_NAME)";
				TARGETED_DEVICE_FAMILY = "1,2";
				TEST_TARGET_NAME = EmbeddedApp;
			};
			name = Debug;
		};
		376E8B7F2156DA44002BDE0B /* Release */ = {
			isa = XCBuildConfiguration;
			baseConfigurationReference = C21D5A1D547EBCCD37A5AF1B /* Pods-EmbeddedAppUITests.release.xcconfig */;
			buildSettings = {
				CODE_SIGN_STYLE = Automatic;
				DEVELOPMENT_TEAM = 6R9K67NH7R;
				INFOPLIST_FILE = EmbeddedAppUITests/Info.plist;
				LD_RUNPATH_SEARCH_PATHS = (
					"$(inherited)",
					"@executable_path/Frameworks",
					"@loader_path/Frameworks",
				);
				PRODUCT_BUNDLE_IDENTIFIER = com.warlyware.EmbeddedAppUITests;
				PRODUCT_NAME = "$(TARGET_NAME)";
				TARGETED_DEVICE_FAMILY = "1,2";
				TEST_TARGET_NAME = EmbeddedApp;
			};
			name = Release;
		};
/* End XCBuildConfiguration section */

/* Begin XCConfigurationList section */
		376E8B462156DA42002BDE0B /* Build configuration list for PBXProject "EmbeddedApp" */ = {
			isa = XCConfigurationList;
			buildConfigurations = (
				376E8B752156DA44002BDE0B /* Debug */,
				376E8B762156DA44002BDE0B /* Release */,
			);
			defaultConfigurationIsVisible = 0;
			defaultConfigurationName = Release;
		};
		376E8B772156DA44002BDE0B /* Build configuration list for PBXNativeTarget "EmbeddedApp" */ = {
			isa = XCConfigurationList;
			buildConfigurations = (
				376E8B782156DA44002BDE0B /* Debug */,
				376E8B792156DA44002BDE0B /* Release */,
			);
			defaultConfigurationIsVisible = 0;
			defaultConfigurationName = Release;
		};
		376E8B7A2156DA44002BDE0B /* Build configuration list for PBXNativeTarget "EmbeddedAppTests" */ = {
			isa = XCConfigurationList;
			buildConfigurations = (
				376E8B7B2156DA44002BDE0B /* Debug */,
				376E8B7C2156DA44002BDE0B /* Release */,
			);
			defaultConfigurationIsVisible = 0;
			defaultConfigurationName = Release;
		};
		376E8B7D2156DA44002BDE0B /* Build configuration list for PBXNativeTarget "EmbeddedAppUITests" */ = {
			isa = XCConfigurationList;
			buildConfigurations = (
				376E8B7E2156DA44002BDE0B /* Debug */,
				376E8B7F2156DA44002BDE0B /* Release */,
			);
			defaultConfigurationIsVisible = 0;
			defaultConfigurationName = Release;
		};
/* End XCConfigurationList section */
	};
	rootObject = 376E8B432156DA42002BDE0B /* Project object */;
}
